// !$*UTF8*$!
{
	archiveVersion = 1;
	classes = {
	};
	objectVersion = 56;
	objects = {

/* Begin PBXBuildFile section */
		2E041A808B83ED87CF7E2E5B /* Pods_CoreKit.framework in Frameworks */ = {isa = PBXBuildFile; fileRef = 4FC8EB0FE0FF6EE6BFBFA913 /* Pods_CoreKit.framework */; };
		3C8F0F6F60B710F278CAFC20 /* Pods_Marauders.framework in Frameworks */ = {isa = PBXBuildFile; fileRef = C02EC65DB2C0F217071522A9 /* Pods_Marauders.framework */; };
		FE3584952B5BCC11009E6D8B /* AppDelegate.swift in Sources */ = {isa = PBXBuildFile; fileRef = FE3584942B5BCC11009E6D8B /* AppDelegate.swift */; };
		FE3584972B5BCC11009E6D8B /* SceneDelegate.swift in Sources */ = {isa = PBXBuildFile; fileRef = FE3584962B5BCC11009E6D8B /* SceneDelegate.swift */; };
		FE3584992B5BCC11009E6D8B /* ViewController.swift in Sources */ = {isa = PBXBuildFile; fileRef = FE3584982B5BCC11009E6D8B /* ViewController.swift */; };
		FE35849C2B5BCC11009E6D8B /* Main.storyboard in Resources */ = {isa = PBXBuildFile; fileRef = FE35849A2B5BCC11009E6D8B /* Main.storyboard */; };
		FE35849F2B5BCC11009E6D8B /* Marauders.xcdatamodeld in Sources */ = {isa = PBXBuildFile; fileRef = FE35849D2B5BCC11009E6D8B /* Marauders.xcdatamodeld */; };
		FE3584A12B5BCC12009E6D8B /* Assets.xcassets in Resources */ = {isa = PBXBuildFile; fileRef = FE3584A02B5BCC12009E6D8B /* Assets.xcassets */; };
		FE3584A42B5BCC12009E6D8B /* LaunchScreen.storyboard in Resources */ = {isa = PBXBuildFile; fileRef = FE3584A22B5BCC12009E6D8B /* LaunchScreen.storyboard */; };
		FE3584AF2B5BCC12009E6D8B /* MaraudersTests.swift in Sources */ = {isa = PBXBuildFile; fileRef = FE3584AE2B5BCC12009E6D8B /* MaraudersTests.swift */; };
		FE3584B92B5BCC12009E6D8B /* MaraudersUITests.swift in Sources */ = {isa = PBXBuildFile; fileRef = FE3584B82B5BCC12009E6D8B /* MaraudersUITests.swift */; };
		FE3584BB2B5BCC12009E6D8B /* MaraudersUITestsLaunchTests.swift in Sources */ = {isa = PBXBuildFile; fileRef = FE3584BA2B5BCC12009E6D8B /* MaraudersUITestsLaunchTests.swift */; };
		FE3584DF2B5BE366009E6D8B /* MainViewModel.swift in Sources */ = {isa = PBXBuildFile; fileRef = FE3584DE2B5BE366009E6D8B /* MainViewModel.swift */; };
		FE3584E92B5BE42A009E6D8B /* CoreKit.h in Headers */ = {isa = PBXBuildFile; fileRef = FE3584E82B5BE42A009E6D8B /* CoreKit.h */; settings = {ATTRIBUTES = (Public, ); }; };
		FE3584EC2B5BE42A009E6D8B /* CoreKit.framework in Frameworks */ = {isa = PBXBuildFile; fileRef = FE3584E62B5BE42A009E6D8B /* CoreKit.framework */; };
		FE3584ED2B5BE42A009E6D8B /* CoreKit.framework in Embed Frameworks */ = {isa = PBXBuildFile; fileRef = FE3584E62B5BE42A009E6D8B /* CoreKit.framework */; settings = {ATTRIBUTES = (CodeSignOnCopy, RemoveHeadersOnCopy, ); }; };
		FE3584F82B5BE4A5009E6D8B /* BaseViewModel.swift in Sources */ = {isa = PBXBuildFile; fileRef = FE3584F72B5BE4A5009E6D8B /* BaseViewModel.swift */; };
		FE3584FA2B5BE4E5009E6D8B /* MainUsecase.swift in Sources */ = {isa = PBXBuildFile; fileRef = FE3584F92B5BE4E5009E6D8B /* MainUsecase.swift */; };
/* End PBXBuildFile section */

/* Begin PBXContainerItemProxy section */
		FE3584AB2B5BCC12009E6D8B /* PBXContainerItemProxy */ = {
			isa = PBXContainerItemProxy;
			containerPortal = FE3584892B5BCC11009E6D8B /* Project object */;
			proxyType = 1;
			remoteGlobalIDString = FE3584902B5BCC11009E6D8B;
			remoteInfo = Marauders;
		};
		FE3584B52B5BCC12009E6D8B /* PBXContainerItemProxy */ = {
			isa = PBXContainerItemProxy;
			containerPortal = FE3584892B5BCC11009E6D8B /* Project object */;
			proxyType = 1;
			remoteGlobalIDString = FE3584902B5BCC11009E6D8B;
			remoteInfo = Marauders;
		};
		FE3584EA2B5BE42A009E6D8B /* PBXContainerItemProxy */ = {
			isa = PBXContainerItemProxy;
			containerPortal = FE3584892B5BCC11009E6D8B /* Project object */;
			proxyType = 1;
			remoteGlobalIDString = FE3584E52B5BE42A009E6D8B;
			remoteInfo = CoreKit;
		};
/* End PBXContainerItemProxy section */

/* Begin PBXCopyFilesBuildPhase section */
		FE3584F32B5BE42A009E6D8B /* Embed Frameworks */ = {
			isa = PBXCopyFilesBuildPhase;
			buildActionMask = 2147483647;
			dstPath = "";
			dstSubfolderSpec = 10;
			files = (
				FE3584ED2B5BE42A009E6D8B /* CoreKit.framework in Embed Frameworks */,
			);
			name = "Embed Frameworks";
			runOnlyForDeploymentPostprocessing = 0;
		};
/* End PBXCopyFilesBuildPhase section */

/* Begin PBXFileReference section */
		27BF6FC0048C18E456A85090 /* Pods-CoreKit.debug-uat.xcconfig */ = {isa = PBXFileReference; includeInIndex = 1; lastKnownFileType = text.xcconfig; name = "Pods-CoreKit.debug-uat.xcconfig"; path = "Target Support Files/Pods-CoreKit/Pods-CoreKit.debug-uat.xcconfig"; sourceTree = "<group>"; };
		4A2D5F02DE1150CAB88F40F0 /* Pods-Marauders.debug-uat.xcconfig */ = {isa = PBXFileReference; includeInIndex = 1; lastKnownFileType = text.xcconfig; name = "Pods-Marauders.debug-uat.xcconfig"; path = "Target Support Files/Pods-Marauders/Pods-Marauders.debug-uat.xcconfig"; sourceTree = "<group>"; };
		4FC8EB0FE0FF6EE6BFBFA913 /* Pods_CoreKit.framework */ = {isa = PBXFileReference; explicitFileType = wrapper.framework; includeInIndex = 0; path = Pods_CoreKit.framework; sourceTree = BUILT_PRODUCTS_DIR; };
		634B525E4420F76F0E7614B4 /* Pods-CoreKit.debug.xcconfig */ = {isa = PBXFileReference; includeInIndex = 1; lastKnownFileType = text.xcconfig; name = "Pods-CoreKit.debug.xcconfig"; path = "Target Support Files/Pods-CoreKit/Pods-CoreKit.debug.xcconfig"; sourceTree = "<group>"; };
		9B028A1BE8CFF3D17497FE50 /* Pods-CoreKit.debug-sit.xcconfig */ = {isa = PBXFileReference; includeInIndex = 1; lastKnownFileType = text.xcconfig; name = "Pods-CoreKit.debug-sit.xcconfig"; path = "Target Support Files/Pods-CoreKit/Pods-CoreKit.debug-sit.xcconfig"; sourceTree = "<group>"; };
		AB72E5FC0257C6B5957139A6 /* Pods-Marauders.debug.xcconfig */ = {isa = PBXFileReference; includeInIndex = 1; lastKnownFileType = text.xcconfig; name = "Pods-Marauders.debug.xcconfig"; path = "Target Support Files/Pods-Marauders/Pods-Marauders.debug.xcconfig"; sourceTree = "<group>"; };
		AE5AE9BE008538CAF333ACB3 /* Pods-Marauders.release.xcconfig */ = {isa = PBXFileReference; includeInIndex = 1; lastKnownFileType = text.xcconfig; name = "Pods-Marauders.release.xcconfig"; path = "Target Support Files/Pods-Marauders/Pods-Marauders.release.xcconfig"; sourceTree = "<group>"; };
		B517E053EE9FAFF0C54F1591 /* Pods-Marauders.debug-sit.xcconfig */ = {isa = PBXFileReference; includeInIndex = 1; lastKnownFileType = text.xcconfig; name = "Pods-Marauders.debug-sit.xcconfig"; path = "Target Support Files/Pods-Marauders/Pods-Marauders.debug-sit.xcconfig"; sourceTree = "<group>"; };
		C02EC65DB2C0F217071522A9 /* Pods_Marauders.framework */ = {isa = PBXFileReference; explicitFileType = wrapper.framework; includeInIndex = 0; path = Pods_Marauders.framework; sourceTree = BUILT_PRODUCTS_DIR; };
		CB4ABA529D86418F9EF3B206 /* Pods-CoreKit.release.xcconfig */ = {isa = PBXFileReference; includeInIndex = 1; lastKnownFileType = text.xcconfig; name = "Pods-CoreKit.release.xcconfig"; path = "Target Support Files/Pods-CoreKit/Pods-CoreKit.release.xcconfig"; sourceTree = "<group>"; };
		FE3584912B5BCC11009E6D8B /* Marauders.app */ = {isa = PBXFileReference; explicitFileType = wrapper.application; includeInIndex = 0; path = Marauders.app; sourceTree = BUILT_PRODUCTS_DIR; };
		FE3584942B5BCC11009E6D8B /* AppDelegate.swift */ = {isa = PBXFileReference; lastKnownFileType = sourcecode.swift; path = AppDelegate.swift; sourceTree = "<group>"; };
		FE3584962B5BCC11009E6D8B /* SceneDelegate.swift */ = {isa = PBXFileReference; lastKnownFileType = sourcecode.swift; path = SceneDelegate.swift; sourceTree = "<group>"; };
		FE3584982B5BCC11009E6D8B /* ViewController.swift */ = {isa = PBXFileReference; lastKnownFileType = sourcecode.swift; path = ViewController.swift; sourceTree = "<group>"; };
		FE35849B2B5BCC11009E6D8B /* Base */ = {isa = PBXFileReference; lastKnownFileType = file.storyboard; name = Base; path = Base.lproj/Main.storyboard; sourceTree = "<group>"; };
		FE35849E2B5BCC11009E6D8B /* Marauders.xcdatamodel */ = {isa = PBXFileReference; lastKnownFileType = wrapper.xcdatamodel; path = Marauders.xcdatamodel; sourceTree = "<group>"; };
		FE3584A02B5BCC12009E6D8B /* Assets.xcassets */ = {isa = PBXFileReference; lastKnownFileType = folder.assetcatalog; path = Assets.xcassets; sourceTree = "<group>"; };
		FE3584A32B5BCC12009E6D8B /* Base */ = {isa = PBXFileReference; lastKnownFileType = file.storyboard; name = Base; path = Base.lproj/LaunchScreen.storyboard; sourceTree = "<group>"; };
		FE3584A52B5BCC12009E6D8B /* Info.plist */ = {isa = PBXFileReference; lastKnownFileType = text.plist.xml; path = Info.plist; sourceTree = "<group>"; };
		FE3584AA2B5BCC12009E6D8B /* MaraudersTests.xctest */ = {isa = PBXFileReference; explicitFileType = wrapper.cfbundle; includeInIndex = 0; path = MaraudersTests.xctest; sourceTree = BUILT_PRODUCTS_DIR; };
		FE3584AE2B5BCC12009E6D8B /* MaraudersTests.swift */ = {isa = PBXFileReference; lastKnownFileType = sourcecode.swift; path = MaraudersTests.swift; sourceTree = "<group>"; };
		FE3584B42B5BCC12009E6D8B /* MaraudersUITests.xctest */ = {isa = PBXFileReference; explicitFileType = wrapper.cfbundle; includeInIndex = 0; path = MaraudersUITests.xctest; sourceTree = BUILT_PRODUCTS_DIR; };
		FE3584B82B5BCC12009E6D8B /* MaraudersUITests.swift */ = {isa = PBXFileReference; lastKnownFileType = sourcecode.swift; path = MaraudersUITests.swift; sourceTree = "<group>"; };
		FE3584BA2B5BCC12009E6D8B /* MaraudersUITestsLaunchTests.swift */ = {isa = PBXFileReference; lastKnownFileType = sourcecode.swift; path = MaraudersUITestsLaunchTests.swift; sourceTree = "<group>"; };
		FE3584CA2B5BCDE5009E6D8B /* PROD_KEY.xcconfig */ = {isa = PBXFileReference; lastKnownFileType = text.xcconfig; path = PROD_KEY.xcconfig; sourceTree = "<group>"; };
		FE3584CB2B5BCE0F009E6D8B /* UAT_KEY.xcconfig */ = {isa = PBXFileReference; lastKnownFileType = text.xcconfig; path = UAT_KEY.xcconfig; sourceTree = "<group>"; };
		FE3584CC2B5BCE27009E6D8B /* SIT_KEY.xcconfig */ = {isa = PBXFileReference; lastKnownFileType = text.xcconfig; path = SIT_KEY.xcconfig; sourceTree = "<group>"; };
		FE3584CE2B5BCE86009E6D8B /* project.prod.xcconfig */ = {isa = PBXFileReference; lastKnownFileType = text.xcconfig; path = project.prod.xcconfig; sourceTree = "<group>"; };
		FE3584CF2B5BCE98009E6D8B /* project.uat.xcconfig */ = {isa = PBXFileReference; lastKnownFileType = text.xcconfig; path = project.uat.xcconfig; sourceTree = "<group>"; };
		FE3584D02B5BCEAC009E6D8B /* project.sit.xcconfig */ = {isa = PBXFileReference; lastKnownFileType = text.xcconfig; path = project.sit.xcconfig; sourceTree = "<group>"; };
		FE3584D12B5BCEC2009E6D8B /* project.xcconfig */ = {isa = PBXFileReference; lastKnownFileType = text.xcconfig; path = project.xcconfig; sourceTree = "<group>"; };
		FE3584D32B5BD1FA009E6D8B /* debug.prod.xcconfig */ = {isa = PBXFileReference; lastKnownFileType = text.xcconfig; path = debug.prod.xcconfig; sourceTree = "<group>"; };
		FE3584D42B5BD20D009E6D8B /* debug.uat.xcconfig */ = {isa = PBXFileReference; lastKnownFileType = text.xcconfig; path = debug.uat.xcconfig; sourceTree = "<group>"; };
		FE3584D52B5BD21E009E6D8B /* debug.sit.xcconfig */ = {isa = PBXFileReference; lastKnownFileType = text.xcconfig; path = debug.sit.xcconfig; sourceTree = "<group>"; };
		FE3584DE2B5BE366009E6D8B /* MainViewModel.swift */ = {isa = PBXFileReference; lastKnownFileType = sourcecode.swift; path = MainViewModel.swift; sourceTree = "<group>"; };
		FE3584E62B5BE42A009E6D8B /* CoreKit.framework */ = {isa = PBXFileReference; explicitFileType = wrapper.framework; includeInIndex = 0; path = CoreKit.framework; sourceTree = BUILT_PRODUCTS_DIR; };
		FE3584E82B5BE42A009E6D8B /* CoreKit.h */ = {isa = PBXFileReference; lastKnownFileType = sourcecode.c.h; path = CoreKit.h; sourceTree = "<group>"; };
		FE3584F72B5BE4A5009E6D8B /* BaseViewModel.swift */ = {isa = PBXFileReference; lastKnownFileType = sourcecode.swift; path = BaseViewModel.swift; sourceTree = "<group>"; };
		FE3584F92B5BE4E5009E6D8B /* MainUsecase.swift */ = {isa = PBXFileReference; lastKnownFileType = sourcecode.swift; path = MainUsecase.swift; sourceTree = "<group>"; };
/* End PBXFileReference section */

/* Begin PBXFrameworksBuildPhase section */
		FE35848E2B5BCC11009E6D8B /* Frameworks */ = {
			isa = PBXFrameworksBuildPhase;
			buildActionMask = 2147483647;
			files = (
				FE3584EC2B5BE42A009E6D8B /* CoreKit.framework in Frameworks */,
				3C8F0F6F60B710F278CAFC20 /* Pods_Marauders.framework in Frameworks */,
			);
			runOnlyForDeploymentPostprocessing = 0;
		};
		FE3584A72B5BCC12009E6D8B /* Frameworks */ = {
			isa = PBXFrameworksBuildPhase;
			buildActionMask = 2147483647;
			files = (
			);
			runOnlyForDeploymentPostprocessing = 0;
		};
		FE3584B12B5BCC12009E6D8B /* Frameworks */ = {
			isa = PBXFrameworksBuildPhase;
			buildActionMask = 2147483647;
			files = (
			);
			runOnlyForDeploymentPostprocessing = 0;
		};
		FE3584E32B5BE42A009E6D8B /* Frameworks */ = {
			isa = PBXFrameworksBuildPhase;
			buildActionMask = 2147483647;
			files = (
				2E041A808B83ED87CF7E2E5B /* Pods_CoreKit.framework in Frameworks */,
			);
			runOnlyForDeploymentPostprocessing = 0;
		};
/* End PBXFrameworksBuildPhase section */

/* Begin PBXGroup section */
		9BFD87EB1BCE6C8D5C93F470 /* Pods */ = {
			isa = PBXGroup;
			children = (
				634B525E4420F76F0E7614B4 /* Pods-CoreKit.debug.xcconfig */,
				27BF6FC0048C18E456A85090 /* Pods-CoreKit.debug-uat.xcconfig */,
				9B028A1BE8CFF3D17497FE50 /* Pods-CoreKit.debug-sit.xcconfig */,
				CB4ABA529D86418F9EF3B206 /* Pods-CoreKit.release.xcconfig */,
				AB72E5FC0257C6B5957139A6 /* Pods-Marauders.debug.xcconfig */,
				4A2D5F02DE1150CAB88F40F0 /* Pods-Marauders.debug-uat.xcconfig */,
				B517E053EE9FAFF0C54F1591 /* Pods-Marauders.debug-sit.xcconfig */,
				AE5AE9BE008538CAF333ACB3 /* Pods-Marauders.release.xcconfig */,
			);
			name = Pods;
			path = Pods;
			sourceTree = "<group>";
		};
		D066D75580C18D3DDA8500D7 /* Frameworks */ = {
			isa = PBXGroup;
			children = (
				4FC8EB0FE0FF6EE6BFBFA913 /* Pods_CoreKit.framework */,
				C02EC65DB2C0F217071522A9 /* Pods_Marauders.framework */,
			);
			name = Frameworks;
			sourceTree = "<group>";
		};
		FE3584882B5BCC11009E6D8B = {
			isa = PBXGroup;
			children = (
				FE3584C82B5BCDC8009E6D8B /* Configuration */,
				FE3584932B5BCC11009E6D8B /* Marauders */,
				FE3584E02B5BE3FD009E6D8B /* Kit */,
				FE3584AD2B5BCC12009E6D8B /* MaraudersTests */,
				FE3584B72B5BCC12009E6D8B /* MaraudersUITests */,
				FE3584922B5BCC11009E6D8B /* Products */,
				9BFD87EB1BCE6C8D5C93F470 /* Pods */,
				D066D75580C18D3DDA8500D7 /* Frameworks */,
			);
			sourceTree = "<group>";
		};
		FE3584922B5BCC11009E6D8B /* Products */ = {
			isa = PBXGroup;
			children = (
				FE3584912B5BCC11009E6D8B /* Marauders.app */,
				FE3584AA2B5BCC12009E6D8B /* MaraudersTests.xctest */,
				FE3584B42B5BCC12009E6D8B /* MaraudersUITests.xctest */,
				FE3584E62B5BE42A009E6D8B /* CoreKit.framework */,
			);
			name = Products;
			sourceTree = "<group>";
		};
		FE3584932B5BCC11009E6D8B /* Marauders */ = {
			isa = PBXGroup;
			children = (
				FE3584942B5BCC11009E6D8B /* AppDelegate.swift */,
				FE3584962B5BCC11009E6D8B /* SceneDelegate.swift */,
				FE3584982B5BCC11009E6D8B /* ViewController.swift */,
				FE35849A2B5BCC11009E6D8B /* Main.storyboard */,
				FE3584A02B5BCC12009E6D8B /* Assets.xcassets */,
				FE3584A22B5BCC12009E6D8B /* LaunchScreen.storyboard */,
				FE3584A52B5BCC12009E6D8B /* Info.plist */,
				FE35849D2B5BCC11009E6D8B /* Marauders.xcdatamodeld */,
				FE3584DE2B5BE366009E6D8B /* MainViewModel.swift */,
				FE3584F92B5BE4E5009E6D8B /* MainUsecase.swift */,
			);
			path = Marauders;
			sourceTree = "<group>";
		};
		FE3584AD2B5BCC12009E6D8B /* MaraudersTests */ = {
			isa = PBXGroup;
			children = (
				FE3584AE2B5BCC12009E6D8B /* MaraudersTests.swift */,
			);
			path = MaraudersTests;
			sourceTree = "<group>";
		};
		FE3584B72B5BCC12009E6D8B /* MaraudersUITests */ = {
			isa = PBXGroup;
			children = (
				FE3584B82B5BCC12009E6D8B /* MaraudersUITests.swift */,
				FE3584BA2B5BCC12009E6D8B /* MaraudersUITestsLaunchTests.swift */,
			);
			path = MaraudersUITests;
			sourceTree = "<group>";
		};
		FE3584C82B5BCDC8009E6D8B /* Configuration */ = {
			isa = PBXGroup;
			children = (
				FE3584C92B5BCDD6009E6D8B /* Keys */,
				FE3584CD2B5BCE72009E6D8B /* Projects */,
				FE3584D22B5BCED1009E6D8B /* Builds */,
			);
			path = Configuration;
			sourceTree = "<group>";
		};
		FE3584C92B5BCDD6009E6D8B /* Keys */ = {
			isa = PBXGroup;
			children = (
				FE3584CA2B5BCDE5009E6D8B /* PROD_KEY.xcconfig */,
				FE3584CB2B5BCE0F009E6D8B /* UAT_KEY.xcconfig */,
				FE3584CC2B5BCE27009E6D8B /* SIT_KEY.xcconfig */,
			);
			path = Keys;
			sourceTree = "<group>";
		};
		FE3584CD2B5BCE72009E6D8B /* Projects */ = {
			isa = PBXGroup;
			children = (
				FE3584CE2B5BCE86009E6D8B /* project.prod.xcconfig */,
				FE3584CF2B5BCE98009E6D8B /* project.uat.xcconfig */,
				FE3584D02B5BCEAC009E6D8B /* project.sit.xcconfig */,
				FE3584D12B5BCEC2009E6D8B /* project.xcconfig */,
			);
			path = Projects;
			sourceTree = "<group>";
		};
		FE3584D22B5BCED1009E6D8B /* Builds */ = {
			isa = PBXGroup;
			children = (
				FE3584D32B5BD1FA009E6D8B /* debug.prod.xcconfig */,
				FE3584D42B5BD20D009E6D8B /* debug.uat.xcconfig */,
				FE3584D52B5BD21E009E6D8B /* debug.sit.xcconfig */,
			);
			path = Builds;
			sourceTree = "<group>";
		};
		FE3584E02B5BE3FD009E6D8B /* Kit */ = {
			isa = PBXGroup;
			children = (
				FE3584E72B5BE42A009E6D8B /* CoreKit */,
			);
			path = Kit;
			sourceTree = "<group>";
		};
		FE3584E72B5BE42A009E6D8B /* CoreKit */ = {
			isa = PBXGroup;
			children = (
				FE3584F42B5BE478009E6D8B /* SuperClass */,
				FE3584E82B5BE42A009E6D8B /* CoreKit.h */,
			);
			path = CoreKit;
			sourceTree = "<group>";
		};
		FE3584F42B5BE478009E6D8B /* SuperClass */ = {
			isa = PBXGroup;
			children = (
				FE3584F72B5BE4A5009E6D8B /* BaseViewModel.swift */,
			);
			path = SuperClass;
			sourceTree = "<group>";
		};
/* End PBXGroup section */

/* Begin PBXHeadersBuildPhase section */
		FE3584E12B5BE42A009E6D8B /* Headers */ = {
			isa = PBXHeadersBuildPhase;
			buildActionMask = 2147483647;
			files = (
				FE3584E92B5BE42A009E6D8B /* CoreKit.h in Headers */,
			);
			runOnlyForDeploymentPostprocessing = 0;
		};
/* End PBXHeadersBuildPhase section */

/* Begin PBXNativeTarget section */
		FE3584902B5BCC11009E6D8B /* Marauders */ = {
			isa = PBXNativeTarget;
			buildConfigurationList = FE3584BE2B5BCC12009E6D8B /* Build configuration list for PBXNativeTarget "Marauders" */;
			buildPhases = (
				1ADF731B83796AFDD28FF117 /* [CP] Check Pods Manifest.lock */,
				FE35848D2B5BCC11009E6D8B /* Sources */,
				FE35848E2B5BCC11009E6D8B /* Frameworks */,
				FE35848F2B5BCC11009E6D8B /* Resources */,
				FE3584F32B5BE42A009E6D8B /* Embed Frameworks */,
				3BAF198DBB75236B41436BA5 /* [CP] Embed Pods Frameworks */,
			);
			buildRules = (
			);
			dependencies = (
				FE3584EB2B5BE42A009E6D8B /* PBXTargetDependency */,
			);
			name = Marauders;
			productName = Marauders;
			productReference = FE3584912B5BCC11009E6D8B /* Marauders.app */;
			productType = "com.apple.product-type.application";
		};
		FE3584A92B5BCC12009E6D8B /* MaraudersTests */ = {
			isa = PBXNativeTarget;
			buildConfigurationList = FE3584C12B5BCC12009E6D8B /* Build configuration list for PBXNativeTarget "MaraudersTests" */;
			buildPhases = (
				FE3584A62B5BCC12009E6D8B /* Sources */,
				FE3584A72B5BCC12009E6D8B /* Frameworks */,
				FE3584A82B5BCC12009E6D8B /* Resources */,
			);
			buildRules = (
			);
			dependencies = (
				FE3584AC2B5BCC12009E6D8B /* PBXTargetDependency */,
			);
			name = MaraudersTests;
			productName = MaraudersTests;
			productReference = FE3584AA2B5BCC12009E6D8B /* MaraudersTests.xctest */;
			productType = "com.apple.product-type.bundle.unit-test";
		};
		FE3584B32B5BCC12009E6D8B /* MaraudersUITests */ = {
			isa = PBXNativeTarget;
			buildConfigurationList = FE3584C42B5BCC12009E6D8B /* Build configuration list for PBXNativeTarget "MaraudersUITests" */;
			buildPhases = (
				FE3584B02B5BCC12009E6D8B /* Sources */,
				FE3584B12B5BCC12009E6D8B /* Frameworks */,
				FE3584B22B5BCC12009E6D8B /* Resources */,
			);
			buildRules = (
			);
			dependencies = (
				FE3584B62B5BCC12009E6D8B /* PBXTargetDependency */,
			);
			name = MaraudersUITests;
			productName = MaraudersUITests;
			productReference = FE3584B42B5BCC12009E6D8B /* MaraudersUITests.xctest */;
			productType = "com.apple.product-type.bundle.ui-testing";
		};
		FE3584E52B5BE42A009E6D8B /* CoreKit */ = {
			isa = PBXNativeTarget;
			buildConfigurationList = FE3584EE2B5BE42A009E6D8B /* Build configuration list for PBXNativeTarget "CoreKit" */;
			buildPhases = (
				7EC983CC7299C5B90A88C2BE /* [CP] Check Pods Manifest.lock */,
				FE3584E12B5BE42A009E6D8B /* Headers */,
				FE3584E22B5BE42A009E6D8B /* Sources */,
				FE3584E32B5BE42A009E6D8B /* Frameworks */,
				FE3584E42B5BE42A009E6D8B /* Resources */,
			);
			buildRules = (
			);
			dependencies = (
			);
			name = CoreKit;
			productName = CoreKit;
			productReference = FE3584E62B5BE42A009E6D8B /* CoreKit.framework */;
			productType = "com.apple.product-type.framework";
		};
/* End PBXNativeTarget section */

/* Begin PBXProject section */
		FE3584892B5BCC11009E6D8B /* Project object */ = {
			isa = PBXProject;
			attributes = {
				BuildIndependentTargetsInParallel = 1;
				LastSwiftUpdateCheck = 1520;
				LastUpgradeCheck = 1520;
				TargetAttributes = {
					FE3584902B5BCC11009E6D8B = {
						CreatedOnToolsVersion = 15.2;
					};
					FE3584A92B5BCC12009E6D8B = {
						CreatedOnToolsVersion = 15.2;
						TestTargetID = FE3584902B5BCC11009E6D8B;
					};
					FE3584B32B5BCC12009E6D8B = {
						CreatedOnToolsVersion = 15.2;
						TestTargetID = FE3584902B5BCC11009E6D8B;
					};
					FE3584E52B5BE42A009E6D8B = {
						CreatedOnToolsVersion = 15.2;
						LastSwiftMigration = 1520;
					};
				};
			};
			buildConfigurationList = FE35848C2B5BCC11009E6D8B /* Build configuration list for PBXProject "Marauders" */;
			compatibilityVersion = "Xcode 14.0";
			developmentRegion = en;
			hasScannedForEncodings = 0;
			knownRegions = (
				en,
				Base,
			);
			mainGroup = FE3584882B5BCC11009E6D8B;
			productRefGroup = FE3584922B5BCC11009E6D8B /* Products */;
			projectDirPath = "";
			projectRoot = "";
			targets = (
				FE3584902B5BCC11009E6D8B /* Marauders */,
				FE3584A92B5BCC12009E6D8B /* MaraudersTests */,
				FE3584B32B5BCC12009E6D8B /* MaraudersUITests */,
				FE3584E52B5BE42A009E6D8B /* CoreKit */,
			);
		};
/* End PBXProject section */

/* Begin PBXResourcesBuildPhase section */
		FE35848F2B5BCC11009E6D8B /* Resources */ = {
			isa = PBXResourcesBuildPhase;
			buildActionMask = 2147483647;
			files = (
				FE3584A42B5BCC12009E6D8B /* LaunchScreen.storyboard in Resources */,
				FE3584A12B5BCC12009E6D8B /* Assets.xcassets in Resources */,
				FE35849C2B5BCC11009E6D8B /* Main.storyboard in Resources */,
			);
			runOnlyForDeploymentPostprocessing = 0;
		};
		FE3584A82B5BCC12009E6D8B /* Resources */ = {
			isa = PBXResourcesBuildPhase;
			buildActionMask = 2147483647;
			files = (
			);
			runOnlyForDeploymentPostprocessing = 0;
		};
		FE3584B22B5BCC12009E6D8B /* Resources */ = {
			isa = PBXResourcesBuildPhase;
			buildActionMask = 2147483647;
			files = (
			);
			runOnlyForDeploymentPostprocessing = 0;
		};
		FE3584E42B5BE42A009E6D8B /* Resources */ = {
			isa = PBXResourcesBuildPhase;
			buildActionMask = 2147483647;
			files = (
			);
			runOnlyForDeploymentPostprocessing = 0;
		};
/* End PBXResourcesBuildPhase section */

/* Begin PBXShellScriptBuildPhase section */
		1ADF731B83796AFDD28FF117 /* [CP] Check Pods Manifest.lock */ = {
			isa = PBXShellScriptBuildPhase;
			buildActionMask = 2147483647;
			files = (
			);
			inputFileListPaths = (
			);
			inputPaths = (
				"${PODS_PODFILE_DIR_PATH}/Podfile.lock",
				"${PODS_ROOT}/Manifest.lock",
			);
			name = "[CP] Check Pods Manifest.lock";
			outputFileListPaths = (
			);
			outputPaths = (
				"$(DERIVED_FILE_DIR)/Pods-Marauders-checkManifestLockResult.txt",
			);
			runOnlyForDeploymentPostprocessing = 0;
			shellPath = /bin/sh;
			shellScript = "diff \"${PODS_PODFILE_DIR_PATH}/Podfile.lock\" \"${PODS_ROOT}/Manifest.lock\" > /dev/null\nif [ $? != 0 ] ; then\n    # print error to STDERR\n    echo \"error: The sandbox is not in sync with the Podfile.lock. Run 'pod install' or update your CocoaPods installation.\" >&2\n    exit 1\nfi\n# This output is used by Xcode 'outputs' to avoid re-running this script phase.\necho \"SUCCESS\" > \"${SCRIPT_OUTPUT_FILE_0}\"\n";
			showEnvVarsInLog = 0;
		};
		3BAF198DBB75236B41436BA5 /* [CP] Embed Pods Frameworks */ = {
			isa = PBXShellScriptBuildPhase;
			buildActionMask = 2147483647;
			files = (
			);
			inputFileListPaths = (
				"${PODS_ROOT}/Target Support Files/Pods-Marauders/Pods-Marauders-frameworks-${CONFIGURATION}-input-files.xcfilelist",
			);
			name = "[CP] Embed Pods Frameworks";
			outputFileListPaths = (
				"${PODS_ROOT}/Target Support Files/Pods-Marauders/Pods-Marauders-frameworks-${CONFIGURATION}-output-files.xcfilelist",
			);
			runOnlyForDeploymentPostprocessing = 0;
			shellPath = /bin/sh;
			shellScript = "\"${PODS_ROOT}/Target Support Files/Pods-Marauders/Pods-Marauders-frameworks.sh\"\n";
			showEnvVarsInLog = 0;
		};
		7EC983CC7299C5B90A88C2BE /* [CP] Check Pods Manifest.lock */ = {
			isa = PBXShellScriptBuildPhase;
			buildActionMask = 2147483647;
			files = (
			);
			inputFileListPaths = (
			);
			inputPaths = (
				"${PODS_PODFILE_DIR_PATH}/Podfile.lock",
				"${PODS_ROOT}/Manifest.lock",
			);
			name = "[CP] Check Pods Manifest.lock";
			outputFileListPaths = (
			);
			outputPaths = (
				"$(DERIVED_FILE_DIR)/Pods-CoreKit-checkManifestLockResult.txt",
			);
			runOnlyForDeploymentPostprocessing = 0;
			shellPath = /bin/sh;
			shellScript = "diff \"${PODS_PODFILE_DIR_PATH}/Podfile.lock\" \"${PODS_ROOT}/Manifest.lock\" > /dev/null\nif [ $? != 0 ] ; then\n    # print error to STDERR\n    echo \"error: The sandbox is not in sync with the Podfile.lock. Run 'pod install' or update your CocoaPods installation.\" >&2\n    exit 1\nfi\n# This output is used by Xcode 'outputs' to avoid re-running this script phase.\necho \"SUCCESS\" > \"${SCRIPT_OUTPUT_FILE_0}\"\n";
			showEnvVarsInLog = 0;
		};
/* End PBXShellScriptBuildPhase section */

/* Begin PBXSourcesBuildPhase section */
		FE35848D2B5BCC11009E6D8B /* Sources */ = {
			isa = PBXSourcesBuildPhase;
			buildActionMask = 2147483647;
			files = (
				FE3584DF2B5BE366009E6D8B /* MainViewModel.swift in Sources */,
				FE3584992B5BCC11009E6D8B /* ViewController.swift in Sources */,
				FE3584FA2B5BE4E5009E6D8B /* MainUsecase.swift in Sources */,
				FE3584952B5BCC11009E6D8B /* AppDelegate.swift in Sources */,
				FE35849F2B5BCC11009E6D8B /* Marauders.xcdatamodeld in Sources */,
				FE3584972B5BCC11009E6D8B /* SceneDelegate.swift in Sources */,
			);
			runOnlyForDeploymentPostprocessing = 0;
		};
		FE3584A62B5BCC12009E6D8B /* Sources */ = {
			isa = PBXSourcesBuildPhase;
			buildActionMask = 2147483647;
			files = (
				FE3584AF2B5BCC12009E6D8B /* MaraudersTests.swift in Sources */,
			);
			runOnlyForDeploymentPostprocessing = 0;
		};
		FE3584B02B5BCC12009E6D8B /* Sources */ = {
			isa = PBXSourcesBuildPhase;
			buildActionMask = 2147483647;
			files = (
				FE3584B92B5BCC12009E6D8B /* MaraudersUITests.swift in Sources */,
				FE3584BB2B5BCC12009E6D8B /* MaraudersUITestsLaunchTests.swift in Sources */,
			);
			runOnlyForDeploymentPostprocessing = 0;
		};
		FE3584E22B5BE42A009E6D8B /* Sources */ = {
			isa = PBXSourcesBuildPhase;
			buildActionMask = 2147483647;
			files = (
				FE3584F82B5BE4A5009E6D8B /* BaseViewModel.swift in Sources */,
			);
			runOnlyForDeploymentPostprocessing = 0;
		};
/* End PBXSourcesBuildPhase section */

/* Begin PBXTargetDependency section */
		FE3584AC2B5BCC12009E6D8B /* PBXTargetDependency */ = {
			isa = PBXTargetDependency;
			target = FE3584902B5BCC11009E6D8B /* Marauders */;
			targetProxy = FE3584AB2B5BCC12009E6D8B /* PBXContainerItemProxy */;
		};
		FE3584B62B5BCC12009E6D8B /* PBXTargetDependency */ = {
			isa = PBXTargetDependency;
			target = FE3584902B5BCC11009E6D8B /* Marauders */;
			targetProxy = FE3584B52B5BCC12009E6D8B /* PBXContainerItemProxy */;
		};
		FE3584EB2B5BE42A009E6D8B /* PBXTargetDependency */ = {
			isa = PBXTargetDependency;
			target = FE3584E52B5BE42A009E6D8B /* CoreKit */;
			targetProxy = FE3584EA2B5BE42A009E6D8B /* PBXContainerItemProxy */;
		};
/* End PBXTargetDependency section */

/* Begin PBXVariantGroup section */
		FE35849A2B5BCC11009E6D8B /* Main.storyboard */ = {
			isa = PBXVariantGroup;
			children = (
				FE35849B2B5BCC11009E6D8B /* Base */,
			);
			name = Main.storyboard;
			sourceTree = "<group>";
		};
		FE3584A22B5BCC12009E6D8B /* LaunchScreen.storyboard */ = {
			isa = PBXVariantGroup;
			children = (
				FE3584A32B5BCC12009E6D8B /* Base */,
			);
			name = LaunchScreen.storyboard;
			sourceTree = "<group>";
		};
/* End PBXVariantGroup section */

/* Begin XCBuildConfiguration section */
		FE3584BC2B5BCC12009E6D8B /* Debug */ = {
			isa = XCBuildConfiguration;
			baseConfigurationReference = FE3584CE2B5BCE86009E6D8B /* project.prod.xcconfig */;
			buildSettings = {
				ALWAYS_SEARCH_USER_PATHS = NO;
				ASSETCATALOG_COMPILER_GENERATE_SWIFT_ASSET_SYMBOL_EXTENSIONS = YES;
				CLANG_ANALYZER_NONNULL = YES;
				CLANG_ANALYZER_NUMBER_OBJECT_CONVERSION = YES_AGGRESSIVE;
				CLANG_CXX_LANGUAGE_STANDARD = "gnu++20";
				CLANG_ENABLE_MODULES = YES;
				CLANG_ENABLE_OBJC_ARC = YES;
				CLANG_ENABLE_OBJC_WEAK = YES;
				CLANG_WARN_BLOCK_CAPTURE_AUTORELEASING = YES;
				CLANG_WARN_BOOL_CONVERSION = YES;
				CLANG_WARN_COMMA = YES;
				CLANG_WARN_CONSTANT_CONVERSION = YES;
				CLANG_WARN_DEPRECATED_OBJC_IMPLEMENTATIONS = YES;
				CLANG_WARN_DIRECT_OBJC_ISA_USAGE = YES_ERROR;
				CLANG_WARN_DOCUMENTATION_COMMENTS = YES;
				CLANG_WARN_EMPTY_BODY = YES;
				CLANG_WARN_ENUM_CONVERSION = YES;
				CLANG_WARN_INFINITE_RECURSION = YES;
				CLANG_WARN_INT_CONVERSION = YES;
				CLANG_WARN_NON_LITERAL_NULL_CONVERSION = YES;
				CLANG_WARN_OBJC_IMPLICIT_RETAIN_SELF = YES;
				CLANG_WARN_OBJC_LITERAL_CONVERSION = YES;
				CLANG_WARN_OBJC_ROOT_CLASS = YES_ERROR;
				CLANG_WARN_QUOTED_INCLUDE_IN_FRAMEWORK_HEADER = YES;
				CLANG_WARN_RANGE_LOOP_ANALYSIS = YES;
				CLANG_WARN_STRICT_PROTOTYPES = YES;
				CLANG_WARN_SUSPICIOUS_MOVE = YES;
				CLANG_WARN_UNGUARDED_AVAILABILITY = YES_AGGRESSIVE;
				CLANG_WARN_UNREACHABLE_CODE = YES;
				CLANG_WARN__DUPLICATE_METHOD_MATCH = YES;
				COPY_PHASE_STRIP = NO;
				DEBUG_INFORMATION_FORMAT = dwarf;
				ENABLE_STRICT_OBJC_MSGSEND = YES;
				ENABLE_TESTABILITY = YES;
				ENABLE_USER_SCRIPT_SANDBOXING = YES;
				GCC_C_LANGUAGE_STANDARD = gnu17;
				GCC_DYNAMIC_NO_PIC = NO;
				GCC_NO_COMMON_BLOCKS = YES;
				GCC_OPTIMIZATION_LEVEL = 0;
				GCC_PREPROCESSOR_DEFINITIONS = (
					"DEBUG=1",
					"$(inherited)",
				);
				GCC_WARN_64_TO_32_BIT_CONVERSION = YES;
				GCC_WARN_ABOUT_RETURN_TYPE = YES_ERROR;
				GCC_WARN_UNDECLARED_SELECTOR = YES;
				GCC_WARN_UNINITIALIZED_AUTOS = YES_AGGRESSIVE;
				GCC_WARN_UNUSED_FUNCTION = YES;
				GCC_WARN_UNUSED_VARIABLE = YES;
				IPHONEOS_DEPLOYMENT_TARGET = 17.2;
				LOCALIZATION_PREFERS_STRING_CATALOGS = YES;
				MTL_ENABLE_DEBUG_INFO = INCLUDE_SOURCE;
				MTL_FAST_MATH = YES;
				ONLY_ACTIVE_ARCH = YES;
				SDKROOT = iphoneos;
				SWIFT_ACTIVE_COMPILATION_CONDITIONS = "DEBUG $(inherited)";
				SWIFT_OPTIMIZATION_LEVEL = "-Onone";
			};
			name = Debug;
		};
		FE3584BD2B5BCC12009E6D8B /* Release */ = {
			isa = XCBuildConfiguration;
			buildSettings = {
				ALWAYS_SEARCH_USER_PATHS = NO;
				ASSETCATALOG_COMPILER_GENERATE_SWIFT_ASSET_SYMBOL_EXTENSIONS = YES;
				CLANG_ANALYZER_NONNULL = YES;
				CLANG_ANALYZER_NUMBER_OBJECT_CONVERSION = YES_AGGRESSIVE;
				CLANG_CXX_LANGUAGE_STANDARD = "gnu++20";
				CLANG_ENABLE_MODULES = YES;
				CLANG_ENABLE_OBJC_ARC = YES;
				CLANG_ENABLE_OBJC_WEAK = YES;
				CLANG_WARN_BLOCK_CAPTURE_AUTORELEASING = YES;
				CLANG_WARN_BOOL_CONVERSION = YES;
				CLANG_WARN_COMMA = YES;
				CLANG_WARN_CONSTANT_CONVERSION = YES;
				CLANG_WARN_DEPRECATED_OBJC_IMPLEMENTATIONS = YES;
				CLANG_WARN_DIRECT_OBJC_ISA_USAGE = YES_ERROR;
				CLANG_WARN_DOCUMENTATION_COMMENTS = YES;
				CLANG_WARN_EMPTY_BODY = YES;
				CLANG_WARN_ENUM_CONVERSION = YES;
				CLANG_WARN_INFINITE_RECURSION = YES;
				CLANG_WARN_INT_CONVERSION = YES;
				CLANG_WARN_NON_LITERAL_NULL_CONVERSION = YES;
				CLANG_WARN_OBJC_IMPLICIT_RETAIN_SELF = YES;
				CLANG_WARN_OBJC_LITERAL_CONVERSION = YES;
				CLANG_WARN_OBJC_ROOT_CLASS = YES_ERROR;
				CLANG_WARN_QUOTED_INCLUDE_IN_FRAMEWORK_HEADER = YES;
				CLANG_WARN_RANGE_LOOP_ANALYSIS = YES;
				CLANG_WARN_STRICT_PROTOTYPES = YES;
				CLANG_WARN_SUSPICIOUS_MOVE = YES;
				CLANG_WARN_UNGUARDED_AVAILABILITY = YES_AGGRESSIVE;
				CLANG_WARN_UNREACHABLE_CODE = YES;
				CLANG_WARN__DUPLICATE_METHOD_MATCH = YES;
				COPY_PHASE_STRIP = NO;
				DEBUG_INFORMATION_FORMAT = "dwarf-with-dsym";
				ENABLE_NS_ASSERTIONS = NO;
				ENABLE_STRICT_OBJC_MSGSEND = YES;
				ENABLE_USER_SCRIPT_SANDBOXING = YES;
				GCC_C_LANGUAGE_STANDARD = gnu17;
				GCC_NO_COMMON_BLOCKS = YES;
				GCC_WARN_64_TO_32_BIT_CONVERSION = YES;
				GCC_WARN_ABOUT_RETURN_TYPE = YES_ERROR;
				GCC_WARN_UNDECLARED_SELECTOR = YES;
				GCC_WARN_UNINITIALIZED_AUTOS = YES_AGGRESSIVE;
				GCC_WARN_UNUSED_FUNCTION = YES;
				GCC_WARN_UNUSED_VARIABLE = YES;
				IPHONEOS_DEPLOYMENT_TARGET = 17.2;
				LOCALIZATION_PREFERS_STRING_CATALOGS = YES;
				MTL_ENABLE_DEBUG_INFO = NO;
				MTL_FAST_MATH = YES;
				SDKROOT = iphoneos;
				SWIFT_COMPILATION_MODE = wholemodule;
				VALIDATE_PRODUCT = YES;
			};
			name = Release;
		};
		FE3584BF2B5BCC12009E6D8B /* Debug */ = {
			isa = XCBuildConfiguration;
			baseConfigurationReference = AB72E5FC0257C6B5957139A6 /* Pods-Marauders.debug.xcconfig */;
			buildSettings = {
				ALWAYS_EMBED_SWIFT_STANDARD_LIBRARIES = YES;
				ASSETCATALOG_COMPILER_APPICON_NAME = AppIcon;
				ASSETCATALOG_COMPILER_GLOBAL_ACCENT_COLOR_NAME = AccentColor;
				CODE_SIGN_STYLE = Automatic;
				CURRENT_PROJECT_VERSION = 1;
				DEVELOPMENT_TEAM = 9U8PYJFN94;
				GENERATE_INFOPLIST_FILE = YES;
				INFOPLIST_FILE = Marauders/Info.plist;
				INFOPLIST_KEY_UIApplicationSupportsIndirectInputEvents = YES;
				INFOPLIST_KEY_UILaunchStoryboardName = LaunchScreen;
				INFOPLIST_KEY_UIMainStoryboardFile = Main;
				INFOPLIST_KEY_UISupportedInterfaceOrientations_iPad = "UIInterfaceOrientationPortrait UIInterfaceOrientationPortraitUpsideDown UIInterfaceOrientationLandscapeLeft UIInterfaceOrientationLandscapeRight";
				INFOPLIST_KEY_UISupportedInterfaceOrientations_iPhone = "UIInterfaceOrientationPortrait UIInterfaceOrientationLandscapeLeft UIInterfaceOrientationLandscapeRight";
				LD_RUNPATH_SEARCH_PATHS = (
					"$(inherited)",
					"@executable_path/Frameworks",
				);
				MARKETING_VERSION = 1.0;
				PRODUCT_BUNDLE_IDENTIFIER = somsak.Marauders;
				PRODUCT_NAME = "$(TARGET_NAME)";
				SWIFT_EMIT_LOC_STRINGS = YES;
				SWIFT_VERSION = 5.0;
				TARGETED_DEVICE_FAMILY = "1,2";
			};
			name = Debug;
		};
		FE3584C02B5BCC12009E6D8B /* Release */ = {
			isa = XCBuildConfiguration;
			baseConfigurationReference = AE5AE9BE008538CAF333ACB3 /* Pods-Marauders.release.xcconfig */;
			buildSettings = {
				ALWAYS_EMBED_SWIFT_STANDARD_LIBRARIES = YES;
				ASSETCATALOG_COMPILER_APPICON_NAME = AppIcon;
				ASSETCATALOG_COMPILER_GLOBAL_ACCENT_COLOR_NAME = AccentColor;
				CODE_SIGN_STYLE = Automatic;
				CURRENT_PROJECT_VERSION = 1;
				DEVELOPMENT_TEAM = 9U8PYJFN94;
				GENERATE_INFOPLIST_FILE = YES;
				INFOPLIST_FILE = Marauders/Info.plist;
				INFOPLIST_KEY_UIApplicationSupportsIndirectInputEvents = YES;
				INFOPLIST_KEY_UILaunchStoryboardName = LaunchScreen;
				INFOPLIST_KEY_UIMainStoryboardFile = Main;
				INFOPLIST_KEY_UISupportedInterfaceOrientations_iPad = "UIInterfaceOrientationPortrait UIInterfaceOrientationPortraitUpsideDown UIInterfaceOrientationLandscapeLeft UIInterfaceOrientationLandscapeRight";
				INFOPLIST_KEY_UISupportedInterfaceOrientations_iPhone = "UIInterfaceOrientationPortrait UIInterfaceOrientationLandscapeLeft UIInterfaceOrientationLandscapeRight";
				LD_RUNPATH_SEARCH_PATHS = (
					"$(inherited)",
					"@executable_path/Frameworks",
				);
				MARKETING_VERSION = 1.0;
				PRODUCT_BUNDLE_IDENTIFIER = somsak.Marauders;
				PRODUCT_NAME = "$(TARGET_NAME)";
				SWIFT_EMIT_LOC_STRINGS = YES;
				SWIFT_VERSION = 5.0;
				TARGETED_DEVICE_FAMILY = "1,2";
			};
			name = Release;
		};
		FE3584C22B5BCC12009E6D8B /* Debug */ = {
			isa = XCBuildConfiguration;
			buildSettings = {
				ALWAYS_EMBED_SWIFT_STANDARD_LIBRARIES = YES;
				BUNDLE_LOADER = "$(TEST_HOST)";
				CODE_SIGN_STYLE = Automatic;
				CURRENT_PROJECT_VERSION = 1;
				DEVELOPMENT_TEAM = 9U8PYJFN94;
				GENERATE_INFOPLIST_FILE = YES;
				IPHONEOS_DEPLOYMENT_TARGET = 17.2;
				MARKETING_VERSION = 1.0;
				PRODUCT_BUNDLE_IDENTIFIER = somsak.MaraudersTests;
				PRODUCT_NAME = "$(TARGET_NAME)";
				SWIFT_EMIT_LOC_STRINGS = NO;
				SWIFT_VERSION = 5.0;
				TARGETED_DEVICE_FAMILY = "1,2";
				TEST_HOST = "$(BUILT_PRODUCTS_DIR)/Marauders.app/$(BUNDLE_EXECUTABLE_FOLDER_PATH)/Marauders";
			};
			name = Debug;
		};
		FE3584C32B5BCC12009E6D8B /* Release */ = {
			isa = XCBuildConfiguration;
			buildSettings = {
				ALWAYS_EMBED_SWIFT_STANDARD_LIBRARIES = YES;
				BUNDLE_LOADER = "$(TEST_HOST)";
				CODE_SIGN_STYLE = Automatic;
				CURRENT_PROJECT_VERSION = 1;
				DEVELOPMENT_TEAM = 9U8PYJFN94;
				GENERATE_INFOPLIST_FILE = YES;
				IPHONEOS_DEPLOYMENT_TARGET = 17.2;
				MARKETING_VERSION = 1.0;
				PRODUCT_BUNDLE_IDENTIFIER = somsak.MaraudersTests;
				PRODUCT_NAME = "$(TARGET_NAME)";
				SWIFT_EMIT_LOC_STRINGS = NO;
				SWIFT_VERSION = 5.0;
				TARGETED_DEVICE_FAMILY = "1,2";
				TEST_HOST = "$(BUILT_PRODUCTS_DIR)/Marauders.app/$(BUNDLE_EXECUTABLE_FOLDER_PATH)/Marauders";
			};
			name = Release;
		};
		FE3584C52B5BCC12009E6D8B /* Debug */ = {
			isa = XCBuildConfiguration;
			buildSettings = {
				ALWAYS_EMBED_SWIFT_STANDARD_LIBRARIES = YES;
				CODE_SIGN_STYLE = Automatic;
				CURRENT_PROJECT_VERSION = 1;
				DEVELOPMENT_TEAM = 9U8PYJFN94;
				GENERATE_INFOPLIST_FILE = YES;
				MARKETING_VERSION = 1.0;
				PRODUCT_BUNDLE_IDENTIFIER = somsak.MaraudersUITests;
				PRODUCT_NAME = "$(TARGET_NAME)";
				SWIFT_EMIT_LOC_STRINGS = NO;
				SWIFT_VERSION = 5.0;
				TARGETED_DEVICE_FAMILY = "1,2";
				TEST_TARGET_NAME = Marauders;
			};
			name = Debug;
		};
		FE3584C62B5BCC12009E6D8B /* Release */ = {
			isa = XCBuildConfiguration;
			buildSettings = {
				ALWAYS_EMBED_SWIFT_STANDARD_LIBRARIES = YES;
				CODE_SIGN_STYLE = Automatic;
				CURRENT_PROJECT_VERSION = 1;
				DEVELOPMENT_TEAM = 9U8PYJFN94;
				GENERATE_INFOPLIST_FILE = YES;
				MARKETING_VERSION = 1.0;
				PRODUCT_BUNDLE_IDENTIFIER = somsak.MaraudersUITests;
				PRODUCT_NAME = "$(TARGET_NAME)";
				SWIFT_EMIT_LOC_STRINGS = NO;
				SWIFT_VERSION = 5.0;
				TARGETED_DEVICE_FAMILY = "1,2";
				TEST_TARGET_NAME = Marauders;
			};
			name = Release;
		};
		FE3584D62B5BD2C4009E6D8B /* Debug-UAT */ = {
			isa = XCBuildConfiguration;
			baseConfigurationReference = FE3584CF2B5BCE98009E6D8B /* project.uat.xcconfig */;
			buildSettings = {
				ALWAYS_SEARCH_USER_PATHS = NO;
				ASSETCATALOG_COMPILER_GENERATE_SWIFT_ASSET_SYMBOL_EXTENSIONS = YES;
				CLANG_ANALYZER_NONNULL = YES;
				CLANG_ANALYZER_NUMBER_OBJECT_CONVERSION = YES_AGGRESSIVE;
				CLANG_CXX_LANGUAGE_STANDARD = "gnu++20";
				CLANG_ENABLE_MODULES = YES;
				CLANG_ENABLE_OBJC_ARC = YES;
				CLANG_ENABLE_OBJC_WEAK = YES;
				CLANG_WARN_BLOCK_CAPTURE_AUTORELEASING = YES;
				CLANG_WARN_BOOL_CONVERSION = YES;
				CLANG_WARN_COMMA = YES;
				CLANG_WARN_CONSTANT_CONVERSION = YES;
				CLANG_WARN_DEPRECATED_OBJC_IMPLEMENTATIONS = YES;
				CLANG_WARN_DIRECT_OBJC_ISA_USAGE = YES_ERROR;
				CLANG_WARN_DOCUMENTATION_COMMENTS = YES;
				CLANG_WARN_EMPTY_BODY = YES;
				CLANG_WARN_ENUM_CONVERSION = YES;
				CLANG_WARN_INFINITE_RECURSION = YES;
				CLANG_WARN_INT_CONVERSION = YES;
				CLANG_WARN_NON_LITERAL_NULL_CONVERSION = YES;
				CLANG_WARN_OBJC_IMPLICIT_RETAIN_SELF = YES;
				CLANG_WARN_OBJC_LITERAL_CONVERSION = YES;
				CLANG_WARN_OBJC_ROOT_CLASS = YES_ERROR;
				CLANG_WARN_QUOTED_INCLUDE_IN_FRAMEWORK_HEADER = YES;
				CLANG_WARN_RANGE_LOOP_ANALYSIS = YES;
				CLANG_WARN_STRICT_PROTOTYPES = YES;
				CLANG_WARN_SUSPICIOUS_MOVE = YES;
				CLANG_WARN_UNGUARDED_AVAILABILITY = YES_AGGRESSIVE;
				CLANG_WARN_UNREACHABLE_CODE = YES;
				CLANG_WARN__DUPLICATE_METHOD_MATCH = YES;
				COPY_PHASE_STRIP = NO;
				DEBUG_INFORMATION_FORMAT = dwarf;
				ENABLE_STRICT_OBJC_MSGSEND = YES;
				ENABLE_TESTABILITY = YES;
				ENABLE_USER_SCRIPT_SANDBOXING = YES;
				GCC_C_LANGUAGE_STANDARD = gnu17;
				GCC_DYNAMIC_NO_PIC = NO;
				GCC_NO_COMMON_BLOCKS = YES;
				GCC_OPTIMIZATION_LEVEL = 0;
				GCC_PREPROCESSOR_DEFINITIONS = (
					"DEBUG=1",
					"$(inherited)",
				);
				GCC_WARN_64_TO_32_BIT_CONVERSION = YES;
				GCC_WARN_ABOUT_RETURN_TYPE = YES_ERROR;
				GCC_WARN_UNDECLARED_SELECTOR = YES;
				GCC_WARN_UNINITIALIZED_AUTOS = YES_AGGRESSIVE;
				GCC_WARN_UNUSED_FUNCTION = YES;
				GCC_WARN_UNUSED_VARIABLE = YES;
				IPHONEOS_DEPLOYMENT_TARGET = 17.2;
				LOCALIZATION_PREFERS_STRING_CATALOGS = YES;
				MTL_ENABLE_DEBUG_INFO = INCLUDE_SOURCE;
				MTL_FAST_MATH = YES;
				ONLY_ACTIVE_ARCH = YES;
				SDKROOT = iphoneos;
				SWIFT_ACTIVE_COMPILATION_CONDITIONS = "DEBUG $(inherited)";
				SWIFT_OPTIMIZATION_LEVEL = "-Onone";
			};
			name = "Debug-UAT";
		};
		FE3584D72B5BD2C4009E6D8B /* Debug-UAT */ = {
			isa = XCBuildConfiguration;
			baseConfigurationReference = 4A2D5F02DE1150CAB88F40F0 /* Pods-Marauders.debug-uat.xcconfig */;
			buildSettings = {
				ALWAYS_EMBED_SWIFT_STANDARD_LIBRARIES = YES;
				ASSETCATALOG_COMPILER_APPICON_NAME = AppIcon;
				ASSETCATALOG_COMPILER_GLOBAL_ACCENT_COLOR_NAME = AccentColor;
				CODE_SIGN_STYLE = Automatic;
				CURRENT_PROJECT_VERSION = 1;
				DEVELOPMENT_TEAM = 9U8PYJFN94;
				GENERATE_INFOPLIST_FILE = YES;
				INFOPLIST_FILE = Marauders/Info.plist;
				INFOPLIST_KEY_UIApplicationSupportsIndirectInputEvents = YES;
				INFOPLIST_KEY_UILaunchStoryboardName = LaunchScreen;
				INFOPLIST_KEY_UIMainStoryboardFile = Main;
				INFOPLIST_KEY_UISupportedInterfaceOrientations_iPad = "UIInterfaceOrientationPortrait UIInterfaceOrientationPortraitUpsideDown UIInterfaceOrientationLandscapeLeft UIInterfaceOrientationLandscapeRight";
				INFOPLIST_KEY_UISupportedInterfaceOrientations_iPhone = "UIInterfaceOrientationPortrait UIInterfaceOrientationLandscapeLeft UIInterfaceOrientationLandscapeRight";
				LD_RUNPATH_SEARCH_PATHS = (
					"$(inherited)",
					"@executable_path/Frameworks",
				);
				MARKETING_VERSION = 1.0;
				PRODUCT_BUNDLE_IDENTIFIER = somsak.Marauders;
				PRODUCT_NAME = "$(TARGET_NAME)";
				SWIFT_EMIT_LOC_STRINGS = YES;
				SWIFT_VERSION = 5.0;
				TARGETED_DEVICE_FAMILY = "1,2";
			};
			name = "Debug-UAT";
		};
		FE3584D82B5BD2C4009E6D8B /* Debug-UAT */ = {
			isa = XCBuildConfiguration;
			buildSettings = {
				ALWAYS_EMBED_SWIFT_STANDARD_LIBRARIES = YES;
				BUNDLE_LOADER = "$(TEST_HOST)";
				CODE_SIGN_STYLE = Automatic;
				CURRENT_PROJECT_VERSION = 1;
				DEVELOPMENT_TEAM = 9U8PYJFN94;
				GENERATE_INFOPLIST_FILE = YES;
				IPHONEOS_DEPLOYMENT_TARGET = 17.2;
				MARKETING_VERSION = 1.0;
				PRODUCT_BUNDLE_IDENTIFIER = somsak.MaraudersTests;
				PRODUCT_NAME = "$(TARGET_NAME)";
				SWIFT_EMIT_LOC_STRINGS = NO;
				SWIFT_VERSION = 5.0;
				TARGETED_DEVICE_FAMILY = "1,2";
				TEST_HOST = "$(BUILT_PRODUCTS_DIR)/Marauders.app/$(BUNDLE_EXECUTABLE_FOLDER_PATH)/Marauders";
			};
			name = "Debug-UAT";
		};
		FE3584D92B5BD2C4009E6D8B /* Debug-UAT */ = {
			isa = XCBuildConfiguration;
			buildSettings = {
				ALWAYS_EMBED_SWIFT_STANDARD_LIBRARIES = YES;
				CODE_SIGN_STYLE = Automatic;
				CURRENT_PROJECT_VERSION = 1;
				DEVELOPMENT_TEAM = 9U8PYJFN94;
				GENERATE_INFOPLIST_FILE = YES;
				MARKETING_VERSION = 1.0;
				PRODUCT_BUNDLE_IDENTIFIER = somsak.MaraudersUITests;
				PRODUCT_NAME = "$(TARGET_NAME)";
				SWIFT_EMIT_LOC_STRINGS = NO;
				SWIFT_VERSION = 5.0;
				TARGETED_DEVICE_FAMILY = "1,2";
				TEST_TARGET_NAME = Marauders;
			};
			name = "Debug-UAT";
		};
		FE3584DA2B5BD39E009E6D8B /* Debug-SIT */ = {
			isa = XCBuildConfiguration;
			baseConfigurationReference = FE3584D02B5BCEAC009E6D8B /* project.sit.xcconfig */;
			buildSettings = {
				ALWAYS_SEARCH_USER_PATHS = NO;
				ASSETCATALOG_COMPILER_GENERATE_SWIFT_ASSET_SYMBOL_EXTENSIONS = YES;
				CLANG_ANALYZER_NONNULL = YES;
				CLANG_ANALYZER_NUMBER_OBJECT_CONVERSION = YES_AGGRESSIVE;
				CLANG_CXX_LANGUAGE_STANDARD = "gnu++20";
				CLANG_ENABLE_MODULES = YES;
				CLANG_ENABLE_OBJC_ARC = YES;
				CLANG_ENABLE_OBJC_WEAK = YES;
				CLANG_WARN_BLOCK_CAPTURE_AUTORELEASING = YES;
				CLANG_WARN_BOOL_CONVERSION = YES;
				CLANG_WARN_COMMA = YES;
				CLANG_WARN_CONSTANT_CONVERSION = YES;
				CLANG_WARN_DEPRECATED_OBJC_IMPLEMENTATIONS = YES;
				CLANG_WARN_DIRECT_OBJC_ISA_USAGE = YES_ERROR;
				CLANG_WARN_DOCUMENTATION_COMMENTS = YES;
				CLANG_WARN_EMPTY_BODY = YES;
				CLANG_WARN_ENUM_CONVERSION = YES;
				CLANG_WARN_INFINITE_RECURSION = YES;
				CLANG_WARN_INT_CONVERSION = YES;
				CLANG_WARN_NON_LITERAL_NULL_CONVERSION = YES;
				CLANG_WARN_OBJC_IMPLICIT_RETAIN_SELF = YES;
				CLANG_WARN_OBJC_LITERAL_CONVERSION = YES;
				CLANG_WARN_OBJC_ROOT_CLASS = YES_ERROR;
				CLANG_WARN_QUOTED_INCLUDE_IN_FRAMEWORK_HEADER = YES;
				CLANG_WARN_RANGE_LOOP_ANALYSIS = YES;
				CLANG_WARN_STRICT_PROTOTYPES = YES;
				CLANG_WARN_SUSPICIOUS_MOVE = YES;
				CLANG_WARN_UNGUARDED_AVAILABILITY = YES_AGGRESSIVE;
				CLANG_WARN_UNREACHABLE_CODE = YES;
				CLANG_WARN__DUPLICATE_METHOD_MATCH = YES;
				COPY_PHASE_STRIP = NO;
				DEBUG_INFORMATION_FORMAT = dwarf;
				ENABLE_STRICT_OBJC_MSGSEND = YES;
				ENABLE_TESTABILITY = YES;
				ENABLE_USER_SCRIPT_SANDBOXING = YES;
				GCC_C_LANGUAGE_STANDARD = gnu17;
				GCC_DYNAMIC_NO_PIC = NO;
				GCC_NO_COMMON_BLOCKS = YES;
				GCC_OPTIMIZATION_LEVEL = 0;
				GCC_PREPROCESSOR_DEFINITIONS = (
					"DEBUG=1",
					"$(inherited)",
				);
				GCC_WARN_64_TO_32_BIT_CONVERSION = YES;
				GCC_WARN_ABOUT_RETURN_TYPE = YES_ERROR;
				GCC_WARN_UNDECLARED_SELECTOR = YES;
				GCC_WARN_UNINITIALIZED_AUTOS = YES_AGGRESSIVE;
				GCC_WARN_UNUSED_FUNCTION = YES;
				GCC_WARN_UNUSED_VARIABLE = YES;
				IPHONEOS_DEPLOYMENT_TARGET = 17.2;
				LOCALIZATION_PREFERS_STRING_CATALOGS = YES;
				MTL_ENABLE_DEBUG_INFO = INCLUDE_SOURCE;
				MTL_FAST_MATH = YES;
				ONLY_ACTIVE_ARCH = YES;
				SDKROOT = iphoneos;
				SWIFT_ACTIVE_COMPILATION_CONDITIONS = "DEBUG $(inherited)";
				SWIFT_OPTIMIZATION_LEVEL = "-Onone";
			};
			name = "Debug-SIT";
		};
		FE3584DB2B5BD39E009E6D8B /* Debug-SIT */ = {
			isa = XCBuildConfiguration;
			baseConfigurationReference = B517E053EE9FAFF0C54F1591 /* Pods-Marauders.debug-sit.xcconfig */;
			buildSettings = {
				ALWAYS_EMBED_SWIFT_STANDARD_LIBRARIES = YES;
				ASSETCATALOG_COMPILER_APPICON_NAME = AppIcon;
				ASSETCATALOG_COMPILER_GLOBAL_ACCENT_COLOR_NAME = AccentColor;
				CODE_SIGN_STYLE = Automatic;
				CURRENT_PROJECT_VERSION = 1;
				DEVELOPMENT_TEAM = 9U8PYJFN94;
				GENERATE_INFOPLIST_FILE = YES;
				INFOPLIST_FILE = Marauders/Info.plist;
				INFOPLIST_KEY_UIApplicationSupportsIndirectInputEvents = YES;
				INFOPLIST_KEY_UILaunchStoryboardName = LaunchScreen;
				INFOPLIST_KEY_UIMainStoryboardFile = Main;
				INFOPLIST_KEY_UISupportedInterfaceOrientations_iPad = "UIInterfaceOrientationPortrait UIInterfaceOrientationPortraitUpsideDown UIInterfaceOrientationLandscapeLeft UIInterfaceOrientationLandscapeRight";
				INFOPLIST_KEY_UISupportedInterfaceOrientations_iPhone = "UIInterfaceOrientationPortrait UIInterfaceOrientationLandscapeLeft UIInterfaceOrientationLandscapeRight";
				LD_RUNPATH_SEARCH_PATHS = (
					"$(inherited)",
					"@executable_path/Frameworks",
				);
				MARKETING_VERSION = 1.0;
				PRODUCT_BUNDLE_IDENTIFIER = somsak.Marauders;
				PRODUCT_NAME = "$(TARGET_NAME)";
				SWIFT_EMIT_LOC_STRINGS = YES;
				SWIFT_VERSION = 5.0;
				TARGETED_DEVICE_FAMILY = "1,2";
			};
			name = "Debug-SIT";
		};
		FE3584DC2B5BD39E009E6D8B /* Debug-SIT */ = {
			isa = XCBuildConfiguration;
			buildSettings = {
				ALWAYS_EMBED_SWIFT_STANDARD_LIBRARIES = YES;
				BUNDLE_LOADER = "$(TEST_HOST)";
				CODE_SIGN_STYLE = Automatic;
				CURRENT_PROJECT_VERSION = 1;
				DEVELOPMENT_TEAM = 9U8PYJFN94;
				GENERATE_INFOPLIST_FILE = YES;
				IPHONEOS_DEPLOYMENT_TARGET = 17.2;
				MARKETING_VERSION = 1.0;
				PRODUCT_BUNDLE_IDENTIFIER = somsak.MaraudersTests;
				PRODUCT_NAME = "$(TARGET_NAME)";
				SWIFT_EMIT_LOC_STRINGS = NO;
				SWIFT_VERSION = 5.0;
				TARGETED_DEVICE_FAMILY = "1,2";
				TEST_HOST = "$(BUILT_PRODUCTS_DIR)/Marauders.app/$(BUNDLE_EXECUTABLE_FOLDER_PATH)/Marauders";
			};
			name = "Debug-SIT";
		};
		FE3584DD2B5BD39E009E6D8B /* Debug-SIT */ = {
			isa = XCBuildConfiguration;
			buildSettings = {
				ALWAYS_EMBED_SWIFT_STANDARD_LIBRARIES = YES;
				CODE_SIGN_STYLE = Automatic;
				CURRENT_PROJECT_VERSION = 1;
				DEVELOPMENT_TEAM = 9U8PYJFN94;
				GENERATE_INFOPLIST_FILE = YES;
				MARKETING_VERSION = 1.0;
				PRODUCT_BUNDLE_IDENTIFIER = somsak.MaraudersUITests;
				PRODUCT_NAME = "$(TARGET_NAME)";
				SWIFT_EMIT_LOC_STRINGS = NO;
				SWIFT_VERSION = 5.0;
				TARGETED_DEVICE_FAMILY = "1,2";
				TEST_TARGET_NAME = Marauders;
			};
			name = "Debug-SIT";
		};
		FE3584EF2B5BE42A009E6D8B /* Debug */ = {
			isa = XCBuildConfiguration;
			baseConfigurationReference = 634B525E4420F76F0E7614B4 /* Pods-CoreKit.debug.xcconfig */;
			buildSettings = {
				CLANG_ENABLE_MODULES = YES;
				CODE_SIGN_STYLE = Automatic;
				CURRENT_PROJECT_VERSION = 1;
				DEFINES_MODULE = YES;
				DEVELOPMENT_TEAM = 9U8PYJFN94;
				DYLIB_COMPATIBILITY_VERSION = 1;
				DYLIB_CURRENT_VERSION = 1;
				DYLIB_INSTALL_NAME_BASE = "@rpath";
				ENABLE_MODULE_VERIFIER = YES;
				GENERATE_INFOPLIST_FILE = YES;
				INFOPLIST_KEY_NSHumanReadableCopyright = "";
				INSTALL_PATH = "$(LOCAL_LIBRARY_DIR)/Frameworks";
				LD_RUNPATH_SEARCH_PATHS = (
					"$(inherited)",
					"@executable_path/Frameworks",
					"@loader_path/Frameworks",
				);
				MARKETING_VERSION = 1.0;
				MODULE_VERIFIER_SUPPORTED_LANGUAGES = "objective-c objective-c++";
				MODULE_VERIFIER_SUPPORTED_LANGUAGE_STANDARDS = "gnu17 gnu++20";
				PRODUCT_BUNDLE_IDENTIFIER = somsak.CoreKit;
				PRODUCT_NAME = "$(TARGET_NAME:c99extidentifier)";
				SKIP_INSTALL = YES;
				SWIFT_EMIT_LOC_STRINGS = YES;
				SWIFT_OPTIMIZATION_LEVEL = "-Onone";
				SWIFT_VERSION = 5.0;
				TARGETED_DEVICE_FAMILY = "1,2";
				VERSIONING_SYSTEM = "apple-generic";
				VERSION_INFO_PREFIX = "";
			};
			name = Debug;
		};
		FE3584F02B5BE42A009E6D8B /* Debug-UAT */ = {
			isa = XCBuildConfiguration;
			baseConfigurationReference = 27BF6FC0048C18E456A85090 /* Pods-CoreKit.debug-uat.xcconfig */;
			buildSettings = {
				CLANG_ENABLE_MODULES = YES;
				CODE_SIGN_STYLE = Automatic;
				CURRENT_PROJECT_VERSION = 1;
				DEFINES_MODULE = YES;
				DEVELOPMENT_TEAM = 9U8PYJFN94;
				DYLIB_COMPATIBILITY_VERSION = 1;
				DYLIB_CURRENT_VERSION = 1;
				DYLIB_INSTALL_NAME_BASE = "@rpath";
				ENABLE_MODULE_VERIFIER = YES;
				GENERATE_INFOPLIST_FILE = YES;
				INFOPLIST_KEY_NSHumanReadableCopyright = "";
				INSTALL_PATH = "$(LOCAL_LIBRARY_DIR)/Frameworks";
				LD_RUNPATH_SEARCH_PATHS = (
					"$(inherited)",
					"@executable_path/Frameworks",
					"@loader_path/Frameworks",
				);
				MARKETING_VERSION = 1.0;
				MODULE_VERIFIER_SUPPORTED_LANGUAGES = "objective-c objective-c++";
				MODULE_VERIFIER_SUPPORTED_LANGUAGE_STANDARDS = "gnu17 gnu++20";
				PRODUCT_BUNDLE_IDENTIFIER = somsak.CoreKit;
				PRODUCT_NAME = "$(TARGET_NAME:c99extidentifier)";
				SKIP_INSTALL = YES;
				SWIFT_EMIT_LOC_STRINGS = YES;
				SWIFT_OPTIMIZATION_LEVEL = "-Onone";
				SWIFT_VERSION = 5.0;
				TARGETED_DEVICE_FAMILY = "1,2";
				VERSIONING_SYSTEM = "apple-generic";
				VERSION_INFO_PREFIX = "";
			};
			name = "Debug-UAT";
		};
		FE3584F12B5BE42A009E6D8B /* Debug-SIT */ = {
			isa = XCBuildConfiguration;
			baseConfigurationReference = 9B028A1BE8CFF3D17497FE50 /* Pods-CoreKit.debug-sit.xcconfig */;
			buildSettings = {
				CLANG_ENABLE_MODULES = YES;
				CODE_SIGN_STYLE = Automatic;
				CURRENT_PROJECT_VERSION = 1;
				DEFINES_MODULE = YES;
				DEVELOPMENT_TEAM = 9U8PYJFN94;
				DYLIB_COMPATIBILITY_VERSION = 1;
				DYLIB_CURRENT_VERSION = 1;
				DYLIB_INSTALL_NAME_BASE = "@rpath";
				ENABLE_MODULE_VERIFIER = YES;
				GENERATE_INFOPLIST_FILE = YES;
				INFOPLIST_KEY_NSHumanReadableCopyright = "";
				INSTALL_PATH = "$(LOCAL_LIBRARY_DIR)/Frameworks";
				LD_RUNPATH_SEARCH_PATHS = (
					"$(inherited)",
					"@executable_path/Frameworks",
					"@loader_path/Frameworks",
				);
				MARKETING_VERSION = 1.0;
				MODULE_VERIFIER_SUPPORTED_LANGUAGES = "objective-c objective-c++";
				MODULE_VERIFIER_SUPPORTED_LANGUAGE_STANDARDS = "gnu17 gnu++20";
				PRODUCT_BUNDLE_IDENTIFIER = somsak.CoreKit;
				PRODUCT_NAME = "$(TARGET_NAME:c99extidentifier)";
				SKIP_INSTALL = YES;
				SWIFT_EMIT_LOC_STRINGS = YES;
				SWIFT_OPTIMIZATION_LEVEL = "-Onone";
				SWIFT_VERSION = 5.0;
				TARGETED_DEVICE_FAMILY = "1,2";
				VERSIONING_SYSTEM = "apple-generic";
				VERSION_INFO_PREFIX = "";
			};
			name = "Debug-SIT";
		};
		FE3584F22B5BE42A009E6D8B /* Release */ = {
			isa = XCBuildConfiguration;
			baseConfigurationReference = CB4ABA529D86418F9EF3B206 /* Pods-CoreKit.release.xcconfig */;
			buildSettings = {
				CLANG_ENABLE_MODULES = YES;
				CODE_SIGN_STYLE = Automatic;
				CURRENT_PROJECT_VERSION = 1;
				DEFINES_MODULE = YES;
				DEVELOPMENT_TEAM = 9U8PYJFN94;
				DYLIB_COMPATIBILITY_VERSION = 1;
				DYLIB_CURRENT_VERSION = 1;
				DYLIB_INSTALL_NAME_BASE = "@rpath";
				ENABLE_MODULE_VERIFIER = YES;
				GENERATE_INFOPLIST_FILE = YES;
				INFOPLIST_KEY_NSHumanReadableCopyright = "";
				INSTALL_PATH = "$(LOCAL_LIBRARY_DIR)/Frameworks";
				LD_RUNPATH_SEARCH_PATHS = (
					"$(inherited)",
					"@executable_path/Frameworks",
					"@loader_path/Frameworks",
				);
				MARKETING_VERSION = 1.0;
				MODULE_VERIFIER_SUPPORTED_LANGUAGES = "objective-c objective-c++";
				MODULE_VERIFIER_SUPPORTED_LANGUAGE_STANDARDS = "gnu17 gnu++20";
				PRODUCT_BUNDLE_IDENTIFIER = somsak.CoreKit;
				PRODUCT_NAME = "$(TARGET_NAME:c99extidentifier)";
				SKIP_INSTALL = YES;
				SWIFT_EMIT_LOC_STRINGS = YES;
				SWIFT_VERSION = 5.0;
				TARGETED_DEVICE_FAMILY = "1,2";
				VERSIONING_SYSTEM = "apple-generic";
				VERSION_INFO_PREFIX = "";
			};
			name = Release;
		};
/* End XCBuildConfiguration section */

/* Begin XCConfigurationList section */
		FE35848C2B5BCC11009E6D8B /* Build configuration list for PBXProject "Marauders" */ = {
			isa = XCConfigurationList;
			buildConfigurations = (
				FE3584BC2B5BCC12009E6D8B /* Debug */,
				FE3584D62B5BD2C4009E6D8B /* Debug-UAT */,
				FE3584DA2B5BD39E009E6D8B /* Debug-SIT */,
				FE3584BD2B5BCC12009E6D8B /* Release */,
			);
			defaultConfigurationIsVisible = 0;
			defaultConfigurationName = Release;
		};
		FE3584BE2B5BCC12009E6D8B /* Build configuration list for PBXNativeTarget "Marauders" */ = {
			isa = XCConfigurationList;
			buildConfigurations = (
				FE3584BF2B5BCC12009E6D8B /* Debug */,
				FE3584D72B5BD2C4009E6D8B /* Debug-UAT */,
				FE3584DB2B5BD39E009E6D8B /* Debug-SIT */,
				FE3584C02B5BCC12009E6D8B /* Release */,
			);
			defaultConfigurationIsVisible = 0;
			defaultConfigurationName = Release;
		};
		FE3584C12B5BCC12009E6D8B /* Build configuration list for PBXNativeTarget "MaraudersTests" */ = {
			isa = XCConfigurationList;
			buildConfigurations = (
				FE3584C22B5BCC12009E6D8B /* Debug */,
				FE3584D82B5BD2C4009E6D8B /* Debug-UAT */,
				FE3584DC2B5BD39E009E6D8B /* Debug-SIT */,
				FE3584C32B5BCC12009E6D8B /* Release */,
			);
			defaultConfigurationIsVisible = 0;
			defaultConfigurationName = Release;
		};
		FE3584C42B5BCC12009E6D8B /* Build configuration list for PBXNativeTarget "MaraudersUITests" */ = {
			isa = XCConfigurationList;
			buildConfigurations = (
				FE3584C52B5BCC12009E6D8B /* Debug */,
				FE3584D92B5BD2C4009E6D8B /* Debug-UAT */,
				FE3584DD2B5BD39E009E6D8B /* Debug-SIT */,
				FE3584C62B5BCC12009E6D8B /* Release */,
			);
			defaultConfigurationIsVisible = 0;
			defaultConfigurationName = Release;
		};
		FE3584EE2B5BE42A009E6D8B /* Build configuration list for PBXNativeTarget "CoreKit" */ = {
			isa = XCConfigurationList;
			buildConfigurations = (
				FE3584EF2B5BE42A009E6D8B /* Debug */,
				FE3584F02B5BE42A009E6D8B /* Debug-UAT */,
				FE3584F12B5BE42A009E6D8B /* Debug-SIT */,
				FE3584F22B5BE42A009E6D8B /* Release */,
			);
			defaultConfigurationIsVisible = 0;
			defaultConfigurationName = Release;
		};
/* End XCConfigurationList section */

/* Begin XCVersionGroup section */
		FE35849D2B5BCC11009E6D8B /* Marauders.xcdatamodeld */ = {
			isa = XCVersionGroup;
			children = (
				FE35849E2B5BCC11009E6D8B /* Marauders.xcdatamodel */,
			);
			currentVersion = FE35849E2B5BCC11009E6D8B /* Marauders.xcdatamodel */;
			path = Marauders.xcdatamodeld;
			sourceTree = "<group>";
			versionGroupType = wrapper.xcdatamodel;
		};
/* End XCVersionGroup section */
	};
	rootObject = FE3584892B5BCC11009E6D8B /* Project object */;
}
