// !$*UTF8*$!
{
	archiveVersion = 1;
	classes = {
	};
	objectVersion = 56;
	objects = {

/* Begin PBXBuildFile section */
		FE23AADB2C8BBEDB0008FF0A /* TabBarView.swift in Sources */ = {isa = PBXBuildFile; fileRef = FE23AADA2C8BBEDB0008FF0A /* TabBarView.swift */; };
		FE650B322BCA419400C5EA71 /* maraudersApp.swift in Sources */ = {isa = PBXBuildFile; fileRef = FE650B312BCA419400C5EA71 /* maraudersApp.swift */; };
		FE650B342BCA419400C5EA71 /* ContentView.swift in Sources */ = {isa = PBXBuildFile; fileRef = FE650B332BCA419400C5EA71 /* ContentView.swift */; };
		FE650B362BCA419400C5EA71 /* Assets.xcassets in Resources */ = {isa = PBXBuildFile; fileRef = FE650B352BCA419400C5EA71 /* Assets.xcassets */; };
		FE650B392BCA419400C5EA71 /* Preview Assets.xcassets in Resources */ = {isa = PBXBuildFile; fileRef = FE650B382BCA419400C5EA71 /* Preview Assets.xcassets */; };
		FE650B432BCA419500C5EA71 /* maraudersTests.swift in Sources */ = {isa = PBXBuildFile; fileRef = FE650B422BCA419500C5EA71 /* maraudersTests.swift */; };
		FE650B4D2BCA419500C5EA71 /* maraudersUITests.swift in Sources */ = {isa = PBXBuildFile; fileRef = FE650B4C2BCA419500C5EA71 /* maraudersUITests.swift */; };
		FE650B4F2BCA419500C5EA71 /* maraudersUITestsLaunchTests.swift in Sources */ = {isa = PBXBuildFile; fileRef = FE650B4E2BCA419500C5EA71 /* maraudersUITestsLaunchTests.swift */; };
/* End PBXBuildFile section */

/* Begin PBXContainerItemProxy section */
		FE650B3F2BCA419500C5EA71 /* PBXContainerItemProxy */ = {
			isa = PBXContainerItemProxy;
			containerPortal = FE650B262BCA419400C5EA71 /* Project object */;
			proxyType = 1;
			remoteGlobalIDString = FE650B2D2BCA419400C5EA71;
			remoteInfo = marauders;
		};
		FE650B492BCA419500C5EA71 /* PBXContainerItemProxy */ = {
			isa = PBXContainerItemProxy;
			containerPortal = FE650B262BCA419400C5EA71 /* Project object */;
			proxyType = 1;
			remoteGlobalIDString = FE650B2D2BCA419400C5EA71;
			remoteInfo = marauders;
		};
/* End PBXContainerItemProxy section */

/* Begin PBXFileReference section */
		FE23AADA2C8BBEDB0008FF0A /* TabBarView.swift */ = {isa = PBXFileReference; lastKnownFileType = sourcecode.swift; path = TabBarView.swift; sourceTree = "<group>"; };
		FE650B2E2BCA419400C5EA71 /* marauders.app */ = {isa = PBXFileReference; explicitFileType = wrapper.application; includeInIndex = 0; path = marauders.app; sourceTree = BUILT_PRODUCTS_DIR; };
		FE650B312BCA419400C5EA71 /* maraudersApp.swift */ = {isa = PBXFileReference; lastKnownFileType = sourcecode.swift; path = maraudersApp.swift; sourceTree = "<group>"; };
		FE650B332BCA419400C5EA71 /* ContentView.swift */ = {isa = PBXFileReference; lastKnownFileType = sourcecode.swift; path = ContentView.swift; sourceTree = "<group>"; };
		FE650B352BCA419400C5EA71 /* Assets.xcassets */ = {isa = PBXFileReference; lastKnownFileType = folder.assetcatalog; path = Assets.xcassets; sourceTree = "<group>"; };
		FE650B382BCA419400C5EA71 /* Preview Assets.xcassets */ = {isa = PBXFileReference; lastKnownFileType = folder.assetcatalog; path = "Preview Assets.xcassets"; sourceTree = "<group>"; };
		FE650B3E2BCA419500C5EA71 /* maraudersTests.xctest */ = {isa = PBXFileReference; explicitFileType = wrapper.cfbundle; includeInIndex = 0; path = maraudersTests.xctest; sourceTree = BUILT_PRODUCTS_DIR; };
		FE650B422BCA419500C5EA71 /* maraudersTests.swift */ = {isa = PBXFileReference; lastKnownFileType = sourcecode.swift; path = maraudersTests.swift; sourceTree = "<group>"; };
		FE650B482BCA419500C5EA71 /* maraudersUITests.xctest */ = {isa = PBXFileReference; explicitFileType = wrapper.cfbundle; includeInIndex = 0; path = maraudersUITests.xctest; sourceTree = BUILT_PRODUCTS_DIR; };
		FE650B4C2BCA419500C5EA71 /* maraudersUITests.swift */ = {isa = PBXFileReference; lastKnownFileType = sourcecode.swift; path = maraudersUITests.swift; sourceTree = "<group>"; };
		FE650B4E2BCA419500C5EA71 /* maraudersUITestsLaunchTests.swift */ = {isa = PBXFileReference; lastKnownFileType = sourcecode.swift; path = maraudersUITestsLaunchTests.swift; sourceTree = "<group>"; };
/* End PBXFileReference section */

/* Begin PBXFrameworksBuildPhase section */
		FE650B2B2BCA419400C5EA71 /* Frameworks */ = {
			isa = PBXFrameworksBuildPhase;
			buildActionMask = 2147483647;
			files = (
			);
			runOnlyForDeploymentPostprocessing = 0;
		};
		FE650B3B2BCA419500C5EA71 /* Frameworks */ = {
			isa = PBXFrameworksBuildPhase;
			buildActionMask = 2147483647;
			files = (
			);
			runOnlyForDeploymentPostprocessing = 0;
		};
		FE650B452BCA419500C5EA71 /* Frameworks */ = {
			isa = PBXFrameworksBuildPhase;
			buildActionMask = 2147483647;
			files = (
			);
			runOnlyForDeploymentPostprocessing = 0;
		};
/* End PBXFrameworksBuildPhase section */

/* Begin PBXGroup section */
		FE650B252BCA419400C5EA71 = {
			isa = PBXGroup;
			children = (
				FE650B302BCA419400C5EA71 /* marauders */,
				FE650B412BCA419500C5EA71 /* maraudersTests */,
				FE650B4B2BCA419500C5EA71 /* maraudersUITests */,
				FE650B2F2BCA419400C5EA71 /* Products */,
			);
			sourceTree = "<group>";
		};
		FE650B2F2BCA419400C5EA71 /* Products */ = {
			isa = PBXGroup;
			children = (
				FE650B2E2BCA419400C5EA71 /* marauders.app */,
				FE650B3E2BCA419500C5EA71 /* maraudersTests.xctest */,
				FE650B482BCA419500C5EA71 /* maraudersUITests.xctest */,
			);
			name = Products;
			sourceTree = "<group>";
		};
		FE650B302BCA419400C5EA71 /* marauders */ = {
			isa = PBXGroup;
			children = (
				FE650B312BCA419400C5EA71 /* maraudersApp.swift */,
				FE650B332BCA419400C5EA71 /* ContentView.swift */,
				FE23AADA2C8BBEDB0008FF0A /* TabBarView.swift */,
				FE650B352BCA419400C5EA71 /* Assets.xcassets */,
				FE650B372BCA419400C5EA71 /* Preview Content */,
			);
			path = marauders;
			sourceTree = "<group>";
		};
		FE650B372BCA419400C5EA71 /* Preview Content */ = {
			isa = PBXGroup;
			children = (
				FE650B382BCA419400C5EA71 /* Preview Assets.xcassets */,
			);
			path = "Preview Content";
			sourceTree = "<group>";
		};
		FE650B412BCA419500C5EA71 /* maraudersTests */ = {
			isa = PBXGroup;
			children = (
				FE650B422BCA419500C5EA71 /* maraudersTests.swift */,
			);
			path = maraudersTests;
			sourceTree = "<group>";
		};
		FE650B4B2BCA419500C5EA71 /* maraudersUITests */ = {
			isa = PBXGroup;
			children = (
				FE650B4C2BCA419500C5EA71 /* maraudersUITests.swift */,
				FE650B4E2BCA419500C5EA71 /* maraudersUITestsLaunchTests.swift */,
			);
			path = maraudersUITests;
			sourceTree = "<group>";
		};
/* End PBXGroup section */

/* Begin PBXNativeTarget section */
		FE650B2D2BCA419400C5EA71 /* marauders */ = {
			isa = PBXNativeTarget;
			buildConfigurationList = FE650B522BCA419500C5EA71 /* Build configuration list for PBXNativeTarget "marauders" */;
			buildPhases = (
				FE650B2A2BCA419400C5EA71 /* Sources */,
				FE650B2B2BCA419400C5EA71 /* Frameworks */,
				FE650B2C2BCA419400C5EA71 /* Resources */,
			);
			buildRules = (
			);
			dependencies = (
			);
			name = marauders;
			productName = marauders;
			productReference = FE650B2E2BCA419400C5EA71 /* marauders.app */;
			productType = "com.apple.product-type.application";
		};
		FE650B3D2BCA419500C5EA71 /* maraudersTests */ = {
			isa = PBXNativeTarget;
			buildConfigurationList = FE650B552BCA419500C5EA71 /* Build configuration list for PBXNativeTarget "maraudersTests" */;
			buildPhases = (
				FE650B3A2BCA419500C5EA71 /* Sources */,
				FE650B3B2BCA419500C5EA71 /* Frameworks */,
				FE650B3C2BCA419500C5EA71 /* Resources */,
			);
			buildRules = (
			);
			dependencies = (
				FE650B402BCA419500C5EA71 /* PBXTargetDependency */,
			);
			name = maraudersTests;
			productName = maraudersTests;
			productReference = FE650B3E2BCA419500C5EA71 /* maraudersTests.xctest */;
			productType = "com.apple.product-type.bundle.unit-test";
		};
		FE650B472BCA419500C5EA71 /* maraudersUITests */ = {
			isa = PBXNativeTarget;
			buildConfigurationList = FE650B582BCA419500C5EA71 /* Build configuration list for PBXNativeTarget "maraudersUITests" */;
			buildPhases = (
				FE650B442BCA419500C5EA71 /* Sources */,
				FE650B452BCA419500C5EA71 /* Frameworks */,
				FE650B462BCA419500C5EA71 /* Resources */,
			);
			buildRules = (
			);
			dependencies = (
				FE650B4A2BCA419500C5EA71 /* PBXTargetDependency */,
			);
			name = maraudersUITests;
			productName = maraudersUITests;
			productReference = FE650B482BCA419500C5EA71 /* maraudersUITests.xctest */;
			productType = "com.apple.product-type.bundle.ui-testing";
		};
/* End PBXNativeTarget section */

/* Begin PBXProject section */
		FE650B262BCA419400C5EA71 /* Project object */ = {
			isa = PBXProject;
			attributes = {
				BuildIndependentTargetsInParallel = 1;
				LastSwiftUpdateCheck = 1530;
				LastUpgradeCheck = 1530;
				TargetAttributes = {
					FE650B2D2BCA419400C5EA71 = {
						CreatedOnToolsVersion = 15.3;
					};
					FE650B3D2BCA419500C5EA71 = {
						CreatedOnToolsVersion = 15.3;
						TestTargetID = FE650B2D2BCA419400C5EA71;
					};
					FE650B472BCA419500C5EA71 = {
						CreatedOnToolsVersion = 15.3;
						TestTargetID = FE650B2D2BCA419400C5EA71;
					};
				};
			};
			buildConfigurationList = FE650B292BCA419400C5EA71 /* Build configuration list for PBXProject "marauders" */;
			compatibilityVersion = "Xcode 14.0";
			developmentRegion = en;
			hasScannedForEncodings = 0;
			knownRegions = (
				en,
				Base,
			);
			mainGroup = FE650B252BCA419400C5EA71;
			productRefGroup = FE650B2F2BCA419400C5EA71 /* Products */;
			projectDirPath = "";
			projectRoot = "";
			targets = (
				FE650B2D2BCA419400C5EA71 /* marauders */,
				FE650B3D2BCA419500C5EA71 /* maraudersTests */,
				FE650B472BCA419500C5EA71 /* maraudersUITests */,
			);
		};
/* End PBXProject section */

/* Begin PBXResourcesBuildPhase section */
		FE650B2C2BCA419400C5EA71 /* Resources */ = {
			isa = PBXResourcesBuildPhase;
			buildActionMask = 2147483647;
			files = (
				FE650B392BCA419400C5EA71 /* Preview Assets.xcassets in Resources */,
				FE650B362BCA419400C5EA71 /* Assets.xcassets in Resources */,
			);
			runOnlyForDeploymentPostprocessing = 0;
		};
		FE650B3C2BCA419500C5EA71 /* Resources */ = {
			isa = PBXResourcesBuildPhase;
			buildActionMask = 2147483647;
			files = (
			);
			runOnlyForDeploymentPostprocessing = 0;
		};
		FE650B462BCA419500C5EA71 /* Resources */ = {
			isa = PBXResourcesBuildPhase;
			buildActionMask = 2147483647;
			files = (
			);
			runOnlyForDeploymentPostprocessing = 0;
		};
/* End PBXResourcesBuildPhase section */

/* Begin PBXSourcesBuildPhase section */
		FE650B2A2BCA419400C5EA71 /* Sources */ = {
			isa = PBXSourcesBuildPhase;
			buildActionMask = 2147483647;
			files = (
				FE650B342BCA419400C5EA71 /* ContentView.swift in Sources */,
				FE650B322BCA419400C5EA71 /* maraudersApp.swift in Sources */,
				FE23AADB2C8BBEDB0008FF0A /* TabBarView.swift in Sources */,
			);
			runOnlyForDeploymentPostprocessing = 0;
		};
		FE650B3A2BCA419500C5EA71 /* Sources */ = {
			isa = PBXSourcesBuildPhase;
			buildActionMask = 2147483647;
			files = (
				FE650B432BCA419500C5EA71 /* maraudersTests.swift in Sources */,
			);
			runOnlyForDeploymentPostprocessing = 0;
		};
		FE650B442BCA419500C5EA71 /* Sources */ = {
			isa = PBXSourcesBuildPhase;
			buildActionMask = 2147483647;
			files = (
				FE650B4D2BCA419500C5EA71 /* maraudersUITests.swift in Sources */,
				FE650B4F2BCA419500C5EA71 /* maraudersUITestsLaunchTests.swift in Sources */,
			);
			runOnlyForDeploymentPostprocessing = 0;
		};
/* End PBXSourcesBuildPhase section */

/* Begin PBXTargetDependency section */
		FE650B402BCA419500C5EA71 /* PBXTargetDependency */ = {
			isa = PBXTargetDependency;
			target = FE650B2D2BCA419400C5EA71 /* marauders */;
			targetProxy = FE650B3F2BCA419500C5EA71 /* PBXContainerItemProxy */;
		};
		FE650B4A2BCA419500C5EA71 /* PBXTargetDependency */ = {
			isa = PBXTargetDependency;
			target = FE650B2D2BCA419400C5EA71 /* marauders */;
			targetProxy = FE650B492BCA419500C5EA71 /* PBXContainerItemProxy */;
		};
/* End PBXTargetDependency section */

/* Begin XCBuildConfiguration section */
		FE650B502BCA419500C5EA71 /* Debug */ = {
			isa = XCBuildConfiguration;
			buildSettings = {
				ALWAYS_SEARCH_USER_PATHS = NO;
				ASSETCATALOG_COMPILER_GENERATE_SWIFT_ASSET_SYMBOL_EXTENSIONS = YES;
				CLANG_ANALYZER_NONNULL = YES;
				CLANG_ANALYZER_NUMBER_OBJECT_CONVERSION = YES_AGGRESSIVE;
				CLANG_CXX_LANGUAGE_STANDARD = "gnu++20";
				CLANG_ENABLE_MODULES = YES;
				CLANG_ENABLE_OBJC_ARC = YES;
				CLANG_ENABLE_OBJC_WEAK = YES;
				CLANG_WARN_BLOCK_CAPTURE_AUTORELEASING = YES;
				CLANG_WARN_BOOL_CONVERSION = YES;
				CLANG_WARN_COMMA = YES;
				CLANG_WARN_CONSTANT_CONVERSION = YES;
				CLANG_WARN_DEPRECATED_OBJC_IMPLEMENTATIONS = YES;
				CLANG_WARN_DIRECT_OBJC_ISA_USAGE = YES_ERROR;
				CLANG_WARN_DOCUMENTATION_COMMENTS = YES;
				CLANG_WARN_EMPTY_BODY = YES;
				CLANG_WARN_ENUM_CONVERSION = YES;
				CLANG_WARN_INFINITE_RECURSION = YES;
				CLANG_WARN_INT_CONVERSION = YES;
				CLANG_WARN_NON_LITERAL_NULL_CONVERSION = YES;
				CLANG_WARN_OBJC_IMPLICIT_RETAIN_SELF = YES;
				CLANG_WARN_OBJC_LITERAL_CONVERSION = YES;
				CLANG_WARN_OBJC_ROOT_CLASS = YES_ERROR;
				CLANG_WARN_QUOTED_INCLUDE_IN_FRAMEWORK_HEADER = YES;
				CLANG_WARN_RANGE_LOOP_ANALYSIS = YES;
				CLANG_WARN_STRICT_PROTOTYPES = YES;
				CLANG_WARN_SUSPICIOUS_MOVE = YES;
				CLANG_WARN_UNGUARDED_AVAILABILITY = YES_AGGRESSIVE;
				CLANG_WARN_UNREACHABLE_CODE = YES;
				CLANG_WARN__DUPLICATE_METHOD_MATCH = YES;
				COPY_PHASE_STRIP = NO;
				DEBUG_INFORMATION_FORMAT = dwarf;
				ENABLE_STRICT_OBJC_MSGSEND = YES;
				ENABLE_TESTABILITY = YES;
				ENABLE_USER_SCRIPT_SANDBOXING = YES;
				GCC_C_LANGUAGE_STANDARD = gnu17;
				GCC_DYNAMIC_NO_PIC = NO;
				GCC_NO_COMMON_BLOCKS = YES;
				GCC_OPTIMIZATION_LEVEL = 0;
				GCC_PREPROCESSOR_DEFINITIONS = (
					"DEBUG=1",
					"$(inherited)",
				);
				GCC_WARN_64_TO_32_BIT_CONVERSION = YES;
				GCC_WARN_ABOUT_RETURN_TYPE = YES_ERROR;
				GCC_WARN_UNDECLARED_SELECTOR = YES;
				GCC_WARN_UNINITIALIZED_AUTOS = YES_AGGRESSIVE;
				GCC_WARN_UNUSED_FUNCTION = YES;
				GCC_WARN_UNUSED_VARIABLE = YES;
				IPHONEOS_DEPLOYMENT_TARGET = 17.4;
				LOCALIZATION_PREFERS_STRING_CATALOGS = YES;
				MTL_ENABLE_DEBUG_INFO = INCLUDE_SOURCE;
				MTL_FAST_MATH = YES;
				ONLY_ACTIVE_ARCH = YES;
				SDKROOT = iphoneos;
				SWIFT_ACTIVE_COMPILATION_CONDITIONS = "DEBUG $(inherited)";
				SWIFT_OPTIMIZATION_LEVEL = "-Onone";
			};
			name = Debug;
		};
		FE650B512BCA419500C5EA71 /* Release */ = {
			isa = XCBuildConfiguration;
			buildSettings = {
				ALWAYS_SEARCH_USER_PATHS = NO;
				ASSETCATALOG_COMPILER_GENERATE_SWIFT_ASSET_SYMBOL_EXTENSIONS = YES;
				CLANG_ANALYZER_NONNULL = YES;
				CLANG_ANALYZER_NUMBER_OBJECT_CONVERSION = YES_AGGRESSIVE;
				CLANG_CXX_LANGUAGE_STANDARD = "gnu++20";
				CLANG_ENABLE_MODULES = YES;
				CLANG_ENABLE_OBJC_ARC = YES;
				CLANG_ENABLE_OBJC_WEAK = YES;
				CLANG_WARN_BLOCK_CAPTURE_AUTORELEASING = YES;
				CLANG_WARN_BOOL_CONVERSION = YES;
				CLANG_WARN_COMMA = YES;
				CLANG_WARN_CONSTANT_CONVERSION = YES;
				CLANG_WARN_DEPRECATED_OBJC_IMPLEMENTATIONS = YES;
				CLANG_WARN_DIRECT_OBJC_ISA_USAGE = YES_ERROR;
				CLANG_WARN_DOCUMENTATION_COMMENTS = YES;
				CLANG_WARN_EMPTY_BODY = YES;
				CLANG_WARN_ENUM_CONVERSION = YES;
				CLANG_WARN_INFINITE_RECURSION = YES;
				CLANG_WARN_INT_CONVERSION = YES;
				CLANG_WARN_NON_LITERAL_NULL_CONVERSION = YES;
				CLANG_WARN_OBJC_IMPLICIT_RETAIN_SELF = YES;
				CLANG_WARN_OBJC_LITERAL_CONVERSION = YES;
				CLANG_WARN_OBJC_ROOT_CLASS = YES_ERROR;
				CLANG_WARN_QUOTED_INCLUDE_IN_FRAMEWORK_HEADER = YES;
				CLANG_WARN_RANGE_LOOP_ANALYSIS = YES;
				CLANG_WARN_STRICT_PROTOTYPES = YES;
				CLANG_WARN_SUSPICIOUS_MOVE = YES;
				CLANG_WARN_UNGUARDED_AVAILABILITY = YES_AGGRESSIVE;
				CLANG_WARN_UNREACHABLE_CODE = YES;
				CLANG_WARN__DUPLICATE_METHOD_MATCH = YES;
				COPY_PHASE_STRIP = NO;
				DEBUG_INFORMATION_FORMAT = "dwarf-with-dsym";
				ENABLE_NS_ASSERTIONS = NO;
				ENABLE_STRICT_OBJC_MSGSEND = YES;
				ENABLE_USER_SCRIPT_SANDBOXING = YES;
				GCC_C_LANGUAGE_STANDARD = gnu17;
				GCC_NO_COMMON_BLOCKS = YES;
				GCC_WARN_64_TO_32_BIT_CONVERSION = YES;
				GCC_WARN_ABOUT_RETURN_TYPE = YES_ERROR;
				GCC_WARN_UNDECLARED_SELECTOR = YES;
				GCC_WARN_UNINITIALIZED_AUTOS = YES_AGGRESSIVE;
				GCC_WARN_UNUSED_FUNCTION = YES;
				GCC_WARN_UNUSED_VARIABLE = YES;
				IPHONEOS_DEPLOYMENT_TARGET = 17.4;
				LOCALIZATION_PREFERS_STRING_CATALOGS = YES;
				MTL_ENABLE_DEBUG_INFO = NO;
				MTL_FAST_MATH = YES;
				SDKROOT = iphoneos;
				SWIFT_COMPILATION_MODE = wholemodule;
				VALIDATE_PRODUCT = YES;
			};
			name = Release;
		};
		FE650B532BCA419500C5EA71 /* Debug */ = {
			isa = XCBuildConfiguration;
			buildSettings = {
				ASSETCATALOG_COMPILER_APPICON_NAME = AppIcon;
				ASSETCATALOG_COMPILER_GLOBAL_ACCENT_COLOR_NAME = AccentColor;
				CODE_SIGN_STYLE = Automatic;
				CURRENT_PROJECT_VERSION = 1;
				DEVELOPMENT_ASSET_PATHS = "\"marauders/Preview Content\"";
				DEVELOPMENT_TEAM = 9U8PYJFN94;
				ENABLE_PREVIEWS = YES;
				GENERATE_INFOPLIST_FILE = YES;
				INFOPLIST_KEY_UIApplicationSceneManifest_Generation = YES;
				INFOPLIST_KEY_UIApplicationSupportsIndirectInputEvents = YES;
				INFOPLIST_KEY_UILaunchScreen_Generation = YES;
				INFOPLIST_KEY_UISupportedInterfaceOrientations_iPad = "UIInterfaceOrientationPortrait UIInterfaceOrientationPortraitUpsideDown UIInterfaceOrientationLandscapeLeft UIInterfaceOrientationLandscapeRight";
				INFOPLIST_KEY_UISupportedInterfaceOrientations_iPhone = "UIInterfaceOrientationPortrait UIInterfaceOrientationLandscapeLeft UIInterfaceOrientationLandscapeRight";
				LD_RUNPATH_SEARCH_PATHS = (
					"$(inherited)",
					"@executable_path/Frameworks",
				);
				MARKETING_VERSION = 1.0;
				PRODUCT_BUNDLE_IDENTIFIER = somsak.marauders;
				PRODUCT_NAME = "$(TARGET_NAME)";
				SWIFT_EMIT_LOC_STRINGS = YES;
				SWIFT_VERSION = 5.0;
				TARGETED_DEVICE_FAMILY = "1,2";
			};
			name = Debug;
		};
		FE650B542BCA419500C5EA71 /* Release */ = {
			isa = XCBuildConfiguration;
			buildSettings = {
				ASSETCATALOG_COMPILER_APPICON_NAME = AppIcon;
				ASSETCATALOG_COMPILER_GLOBAL_ACCENT_COLOR_NAME = AccentColor;
				CODE_SIGN_STYLE = Automatic;
				CURRENT_PROJECT_VERSION = 1;
				DEVELOPMENT_ASSET_PATHS = "\"marauders/Preview Content\"";
				DEVELOPMENT_TEAM = 9U8PYJFN94;
				ENABLE_PREVIEWS = YES;
				GENERATE_INFOPLIST_FILE = YES;
				INFOPLIST_KEY_UIApplicationSceneManifest_Generation = YES;
				INFOPLIST_KEY_UIApplicationSupportsIndirectInputEvents = YES;
				INFOPLIST_KEY_UILaunchScreen_Generation = YES;
				INFOPLIST_KEY_UISupportedInterfaceOrientations_iPad = "UIInterfaceOrientationPortrait UIInterfaceOrientationPortraitUpsideDown UIInterfaceOrientationLandscapeLeft UIInterfaceOrientationLandscapeRight";
				INFOPLIST_KEY_UISupportedInterfaceOrientations_iPhone = "UIInterfaceOrientationPortrait UIInterfaceOrientationLandscapeLeft UIInterfaceOrientationLandscapeRight";
				LD_RUNPATH_SEARCH_PATHS = (
					"$(inherited)",
					"@executable_path/Frameworks",
				);
				MARKETING_VERSION = 1.0;
				PRODUCT_BUNDLE_IDENTIFIER = somsak.marauders;
				PRODUCT_NAME = "$(TARGET_NAME)";
				SWIFT_EMIT_LOC_STRINGS = YES;
				SWIFT_VERSION = 5.0;
				TARGETED_DEVICE_FAMILY = "1,2";
			};
			name = Release;
		};
		FE650B562BCA419500C5EA71 /* Debug */ = {
			isa = XCBuildConfiguration;
			buildSettings = {
				ALWAYS_EMBED_SWIFT_STANDARD_LIBRARIES = YES;
				BUNDLE_LOADER = "$(TEST_HOST)";
				CODE_SIGN_STYLE = Automatic;
				CURRENT_PROJECT_VERSION = 1;
				DEVELOPMENT_TEAM = 9U8PYJFN94;
				GENERATE_INFOPLIST_FILE = YES;
				IPHONEOS_DEPLOYMENT_TARGET = 17.4;
				MARKETING_VERSION = 1.0;
				PRODUCT_BUNDLE_IDENTIFIER = somsak.maraudersTests;
				PRODUCT_NAME = "$(TARGET_NAME)";
				SWIFT_EMIT_LOC_STRINGS = NO;
				SWIFT_VERSION = 5.0;
				TARGETED_DEVICE_FAMILY = "1,2";
				TEST_HOST = "$(BUILT_PRODUCTS_DIR)/marauders.app/$(BUNDLE_EXECUTABLE_FOLDER_PATH)/marauders";
			};
			name = Debug;
		};
		FE650B572BCA419500C5EA71 /* Release */ = {
			isa = XCBuildConfiguration;
			buildSettings = {
				ALWAYS_EMBED_SWIFT_STANDARD_LIBRARIES = YES;
				BUNDLE_LOADER = "$(TEST_HOST)";
				CODE_SIGN_STYLE = Automatic;
				CURRENT_PROJECT_VERSION = 1;
				DEVELOPMENT_TEAM = 9U8PYJFN94;
				GENERATE_INFOPLIST_FILE = YES;
				IPHONEOS_DEPLOYMENT_TARGET = 17.4;
				MARKETING_VERSION = 1.0;
				PRODUCT_BUNDLE_IDENTIFIER = somsak.maraudersTests;
				PRODUCT_NAME = "$(TARGET_NAME)";
				SWIFT_EMIT_LOC_STRINGS = NO;
				SWIFT_VERSION = 5.0;
				TARGETED_DEVICE_FAMILY = "1,2";
				TEST_HOST = "$(BUILT_PRODUCTS_DIR)/marauders.app/$(BUNDLE_EXECUTABLE_FOLDER_PATH)/marauders";
			};
			name = Release;
		};
		FE650B592BCA419500C5EA71 /* Debug */ = {
			isa = XCBuildConfiguration;
			buildSettings = {
				ALWAYS_EMBED_SWIFT_STANDARD_LIBRARIES = YES;
				CODE_SIGN_STYLE = Automatic;
				CURRENT_PROJECT_VERSION = 1;
				DEVELOPMENT_TEAM = 9U8PYJFN94;
				GENERATE_INFOPLIST_FILE = YES;
				MARKETING_VERSION = 1.0;
				PRODUCT_BUNDLE_IDENTIFIER = somsak.maraudersUITests;
				PRODUCT_NAME = "$(TARGET_NAME)";
				SWIFT_EMIT_LOC_STRINGS = NO;
				SWIFT_VERSION = 5.0;
				TARGETED_DEVICE_FAMILY = "1,2";
				TEST_TARGET_NAME = marauders;
			};
			name = Debug;
		};
		FE650B5A2BCA419500C5EA71 /* Release */ = {
			isa = XCBuildConfiguration;
			buildSettings = {
				ALWAYS_EMBED_SWIFT_STANDARD_LIBRARIES = YES;
				CODE_SIGN_STYLE = Automatic;
				CURRENT_PROJECT_VERSION = 1;
				DEVELOPMENT_TEAM = 9U8PYJFN94;
				GENERATE_INFOPLIST_FILE = YES;
				MARKETING_VERSION = 1.0;
				PRODUCT_BUNDLE_IDENTIFIER = somsak.maraudersUITests;
				PRODUCT_NAME = "$(TARGET_NAME)";
				SWIFT_EMIT_LOC_STRINGS = NO;
				SWIFT_VERSION = 5.0;
				TARGETED_DEVICE_FAMILY = "1,2";
				TEST_TARGET_NAME = marauders;
			};
			name = Release;
		};
/* End XCBuildConfiguration section */

/* Begin XCConfigurationList section */
		FE650B292BCA419400C5EA71 /* Build configuration list for PBXProject "marauders" */ = {
			isa = XCConfigurationList;
			buildConfigurations = (
				FE650B502BCA419500C5EA71 /* Debug */,
				FE650B512BCA419500C5EA71 /* Release */,
			);
			defaultConfigurationIsVisible = 0;
			defaultConfigurationName = Release;
		};
		FE650B522BCA419500C5EA71 /* Build configuration list for PBXNativeTarget "marauders" */ = {
			isa = XCConfigurationList;
			buildConfigurations = (
				FE650B532BCA419500C5EA71 /* Debug */,
				FE650B542BCA419500C5EA71 /* Release */,
			);
			defaultConfigurationIsVisible = 0;
			defaultConfigurationName = Release;
		};
		FE650B552BCA419500C5EA71 /* Build configuration list for PBXNativeTarget "maraudersTests" */ = {
			isa = XCConfigurationList;
			buildConfigurations = (
				FE650B562BCA419500C5EA71 /* Debug */,
				FE650B572BCA419500C5EA71 /* Release */,
			);
			defaultConfigurationIsVisible = 0;
			defaultConfigurationName = Release;
		};
		FE650B582BCA419500C5EA71 /* Build configuration list for PBXNativeTarget "maraudersUITests" */ = {
			isa = XCConfigurationList;
			buildConfigurations = (
				FE650B592BCA419500C5EA71 /* Debug */,
				FE650B5A2BCA419500C5EA71 /* Release */,
			);
			defaultConfigurationIsVisible = 0;
			defaultConfigurationName = Release;
		};
/* End XCConfigurationList section */
	};
	rootObject = FE650B262BCA419400C5EA71 /* Project object */;
}
