// !$*UTF8*$!
{
	archiveVersion = 1;
	classes = {
	};
	objectVersion = 77;
	objects = {

/* Begin PBXBuildFile section */
		105CFF04E08A0D0B0D395F7F /* Pods_marauderSTests.framework in Frameworks */ = {isa = PBXBuildFile; fileRef = 2DE9223F3B0DA874C2ABB5C1 /* Pods_marauderSTests.framework */; };
		379CE79D9C2929FC09C4B7B7 /* Pods_marauderS.framework in Frameworks */ = {isa = PBXBuildFile; fileRef = 98E184E1D2538D418550E64A /* Pods_marauderS.framework */; };
		D243182A2BDF850892565E97 /* Pods_marauderS_marauderSUITests.framework in Frameworks */ = {isa = PBXBuildFile; fileRef = 360568437C028FFA2CDDEE96 /* Pods_marauderS_marauderSUITests.framework */; };
/* End PBXBuildFile section */

/* Begin PBXContainerItemProxy section */
		FE97CBD92DC2C78E009E278B /* PBXContainerItemProxy */ = {
			isa = PBXContainerItemProxy;
			containerPortal = FE97CBBF2DC2C78D009E278B /* Project object */;
			proxyType = 1;
			remoteGlobalIDString = FE97CBC62DC2C78D009E278B;
			remoteInfo = marauderS;
		};
		FE97CBE32DC2C78E009E278B /* PBXContainerItemProxy */ = {
			isa = PBXContainerItemProxy;
			containerPortal = FE97CBBF2DC2C78D009E278B /* Project object */;
			proxyType = 1;
			remoteGlobalIDString = FE97CBC62DC2C78D009E278B;
			remoteInfo = marauderS;
		};
/* End PBXContainerItemProxy section */

/* Begin PBXFileReference section */
		2DE9223F3B0DA874C2ABB5C1 /* Pods_marauderSTests.framework */ = {isa = PBXFileReference; explicitFileType = wrapper.framework; includeInIndex = 0; path = Pods_marauderSTests.framework; sourceTree = BUILT_PRODUCTS_DIR; };
		360568437C028FFA2CDDEE96 /* Pods_marauderS_marauderSUITests.framework */ = {isa = PBXFileReference; explicitFileType = wrapper.framework; includeInIndex = 0; path = Pods_marauderS_marauderSUITests.framework; sourceTree = BUILT_PRODUCTS_DIR; };
		5A0AC6A0DE4913891507BADD /* Pods-marauderSTests.release.xcconfig */ = {isa = PBXFileReference; includeInIndex = 1; lastKnownFileType = text.xcconfig; name = "Pods-marauderSTests.release.xcconfig"; path = "Target Support Files/Pods-marauderSTests/Pods-marauderSTests.release.xcconfig"; sourceTree = "<group>"; };
		6EF14861FEA5EB9B83D7EA49 /* Pods-marauderS-marauderSUITests.debug.xcconfig */ = {isa = PBXFileReference; includeInIndex = 1; lastKnownFileType = text.xcconfig; name = "Pods-marauderS-marauderSUITests.debug.xcconfig"; path = "Target Support Files/Pods-marauderS-marauderSUITests/Pods-marauderS-marauderSUITests.debug.xcconfig"; sourceTree = "<group>"; };
		70A6F67B24F8096398931E6D /* Pods-marauderSTests.debug.xcconfig */ = {isa = PBXFileReference; includeInIndex = 1; lastKnownFileType = text.xcconfig; name = "Pods-marauderSTests.debug.xcconfig"; path = "Target Support Files/Pods-marauderSTests/Pods-marauderSTests.debug.xcconfig"; sourceTree = "<group>"; };
		904A65ADFEA79B27CB793FE8 /* Pods-marauderS.debug.xcconfig */ = {isa = PBXFileReference; includeInIndex = 1; lastKnownFileType = text.xcconfig; name = "Pods-marauderS.debug.xcconfig"; path = "Target Support Files/Pods-marauderS/Pods-marauderS.debug.xcconfig"; sourceTree = "<group>"; };
		98E184E1D2538D418550E64A /* Pods_marauderS.framework */ = {isa = PBXFileReference; explicitFileType = wrapper.framework; includeInIndex = 0; path = Pods_marauderS.framework; sourceTree = BUILT_PRODUCTS_DIR; };
		E4A281FCC22CF7A936A7FDF4 /* Pods-marauderS-marauderSUITests.release.xcconfig */ = {isa = PBXFileReference; includeInIndex = 1; lastKnownFileType = text.xcconfig; name = "Pods-marauderS-marauderSUITests.release.xcconfig"; path = "Target Support Files/Pods-marauderS-marauderSUITests/Pods-marauderS-marauderSUITests.release.xcconfig"; sourceTree = "<group>"; };
		EBE2F8385073CA0C6D68EAF6 /* Pods-marauderS.release.xcconfig */ = {isa = PBXFileReference; includeInIndex = 1; lastKnownFileType = text.xcconfig; name = "Pods-marauderS.release.xcconfig"; path = "Target Support Files/Pods-marauderS/Pods-marauderS.release.xcconfig"; sourceTree = "<group>"; };
		FE97CBC72DC2C78D009E278B /* marauderS.app */ = {isa = PBXFileReference; explicitFileType = wrapper.application; includeInIndex = 0; path = marauderS.app; sourceTree = BUILT_PRODUCTS_DIR; };
		FE97CBD82DC2C78E009E278B /* marauderSTests.xctest */ = {isa = PBXFileReference; explicitFileType = wrapper.cfbundle; includeInIndex = 0; path = marauderSTests.xctest; sourceTree = BUILT_PRODUCTS_DIR; };
		FE97CBE22DC2C78E009E278B /* marauderSUITests.xctest */ = {isa = PBXFileReference; explicitFileType = wrapper.cfbundle; includeInIndex = 0; path = marauderSUITests.xctest; sourceTree = BUILT_PRODUCTS_DIR; };
/* End PBXFileReference section */

/* Begin PBXFileSystemSynchronizedBuildFileExceptionSet section */
		8DCA1E142DC626C800D907D6 /* Exceptions for "marauderS" folder in "marauderS" target */ = {
			isa = PBXFileSystemSynchronizedBuildFileExceptionSet;
			membershipExceptions = (
				Info.plist,
			);
			target = FE97CBC62DC2C78D009E278B /* marauderS */;
		};
/* End PBXFileSystemSynchronizedBuildFileExceptionSet section */

/* Begin PBXFileSystemSynchronizedRootGroup section */
		FE97CBC92DC2C78D009E278B /* marauderS */ = {
			isa = PBXFileSystemSynchronizedRootGroup;
			exceptions = (
				8DCA1E142DC626C800D907D6 /* Exceptions for "marauderS" folder in "marauderS" target */,
			);
			path = marauderS;
			sourceTree = "<group>";
		};
		FE97CBDB2DC2C78E009E278B /* marauderSTests */ = {
			isa = PBXFileSystemSynchronizedRootGroup;
			path = marauderSTests;
			sourceTree = "<group>";
		};
		FE97CBE52DC2C78E009E278B /* marauderSUITests */ = {
			isa = PBXFileSystemSynchronizedRootGroup;
			path = marauderSUITests;
			sourceTree = "<group>";
		};
/* End PBXFileSystemSynchronizedRootGroup section */

/* Begin PBXFrameworksBuildPhase section */
		FE97CBC42DC2C78D009E278B /* Frameworks */ = {
			isa = PBXFrameworksBuildPhase;
			buildActionMask = 2147483647;
			files = (
				379CE79D9C2929FC09C4B7B7 /* Pods_marauderS.framework in Frameworks */,
			);
			runOnlyForDeploymentPostprocessing = 0;
		};
		FE97CBD52DC2C78E009E278B /* Frameworks */ = {
			isa = PBXFrameworksBuildPhase;
			buildActionMask = 2147483647;
			files = (
				105CFF04E08A0D0B0D395F7F /* Pods_marauderSTests.framework in Frameworks */,
			);
			runOnlyForDeploymentPostprocessing = 0;
		};
		FE97CBDF2DC2C78E009E278B /* Frameworks */ = {
			isa = PBXFrameworksBuildPhase;
			buildActionMask = 2147483647;
			files = (
				D243182A2BDF850892565E97 /* Pods_marauderS_marauderSUITests.framework in Frameworks */,
			);
			runOnlyForDeploymentPostprocessing = 0;
		};
/* End PBXFrameworksBuildPhase section */

/* Begin PBXGroup section */
		638D22BFC6174A07ADEFB3EB /* Pods */ = {
			isa = PBXGroup;
			children = (
				904A65ADFEA79B27CB793FE8 /* Pods-marauderS.debug.xcconfig */,
				EBE2F8385073CA0C6D68EAF6 /* Pods-marauderS.release.xcconfig */,
				6EF14861FEA5EB9B83D7EA49 /* Pods-marauderS-marauderSUITests.debug.xcconfig */,
				E4A281FCC22CF7A936A7FDF4 /* Pods-marauderS-marauderSUITests.release.xcconfig */,
				70A6F67B24F8096398931E6D /* Pods-marauderSTests.debug.xcconfig */,
				5A0AC6A0DE4913891507BADD /* Pods-marauderSTests.release.xcconfig */,
			);
			path = Pods;
			sourceTree = "<group>";
		};
		C2D17B4FEFD34668EC0D253E /* Frameworks */ = {
			isa = PBXGroup;
			children = (
				98E184E1D2538D418550E64A /* Pods_marauderS.framework */,
				360568437C028FFA2CDDEE96 /* Pods_marauderS_marauderSUITests.framework */,
				2DE9223F3B0DA874C2ABB5C1 /* Pods_marauderSTests.framework */,
			);
			name = Frameworks;
			sourceTree = "<group>";
		};
		FE97CBBE2DC2C78D009E278B = {
			isa = PBXGroup;
			children = (
				FE97CBC92DC2C78D009E278B /* marauderS */,
				FE97CBDB2DC2C78E009E278B /* marauderSTests */,
				FE97CBE52DC2C78E009E278B /* marauderSUITests */,
				FE97CBC82DC2C78D009E278B /* Products */,
				638D22BFC6174A07ADEFB3EB /* Pods */,
				C2D17B4FEFD34668EC0D253E /* Frameworks */,
			);
			sourceTree = "<group>";
		};
		FE97CBC82DC2C78D009E278B /* Products */ = {
			isa = PBXGroup;
			children = (
				FE97CBC72DC2C78D009E278B /* marauderS.app */,
				FE97CBD82DC2C78E009E278B /* marauderSTests.xctest */,
				FE97CBE22DC2C78E009E278B /* marauderSUITests.xctest */,
			);
			name = Products;
			sourceTree = "<group>";
		};
/* End PBXGroup section */

/* Begin PBXNativeTarget section */
		FE97CBC62DC2C78D009E278B /* marauderS */ = {
			isa = PBXNativeTarget;
			buildConfigurationList = FE97CBEC2DC2C78E009E278B /* Build configuration list for PBXNativeTarget "marauderS" */;
			buildPhases = (
				86F19E3CE3EA38CD833E3D1B /* [CP] Check Pods Manifest.lock */,
				FE97CBC32DC2C78D009E278B /* Sources */,
				FE97CBC42DC2C78D009E278B /* Frameworks */,
				FE97CBC52DC2C78D009E278B /* Resources */,
				B8DE469BC77959C6DD185996 /* [CP] Embed Pods Frameworks */,
			);
			buildRules = (
			);
			dependencies = (
			);
			fileSystemSynchronizedGroups = (
				FE97CBC92DC2C78D009E278B /* marauderS */,
			);
			name = marauderS;
			productName = marauderS;
			productReference = FE97CBC72DC2C78D009E278B /* marauderS.app */;
			productType = "com.apple.product-type.application";
		};
		FE97CBD72DC2C78E009E278B /* marauderSTests */ = {
			isa = PBXNativeTarget;
			buildConfigurationList = FE97CBEF2DC2C78E009E278B /* Build configuration list for PBXNativeTarget "marauderSTests" */;
			buildPhases = (
				D1B4F7ECE1724ED5ED71F650 /* [CP] Check Pods Manifest.lock */,
				FE97CBD42DC2C78E009E278B /* Sources */,
				FE97CBD52DC2C78E009E278B /* Frameworks */,
				FE97CBD62DC2C78E009E278B /* Resources */,
			);
			buildRules = (
			);
			dependencies = (
				FE97CBDA2DC2C78E009E278B /* PBXTargetDependency */,
			);
			fileSystemSynchronizedGroups = (
				FE97CBDB2DC2C78E009E278B /* marauderSTests */,
			);
			name = marauderSTests;
			productName = marauderSTests;
			productReference = FE97CBD82DC2C78E009E278B /* marauderSTests.xctest */;
			productType = "com.apple.product-type.bundle.unit-test";
		};
		FE97CBE12DC2C78E009E278B /* marauderSUITests */ = {
			isa = PBXNativeTarget;
			buildConfigurationList = FE97CBF22DC2C78E009E278B /* Build configuration list for PBXNativeTarget "marauderSUITests" */;
			buildPhases = (
				63DC727069539CC72168F305 /* [CP] Check Pods Manifest.lock */,
				FE97CBDE2DC2C78E009E278B /* Sources */,
				FE97CBDF2DC2C78E009E278B /* Frameworks */,
				FE97CBE02DC2C78E009E278B /* Resources */,
				BB3AA06BBD822299E3997844 /* [CP] Embed Pods Frameworks */,
			);
			buildRules = (
			);
			dependencies = (
				FE97CBE42DC2C78E009E278B /* PBXTargetDependency */,
			);
			fileSystemSynchronizedGroups = (
				FE97CBE52DC2C78E009E278B /* marauderSUITests */,
			);
			name = marauderSUITests;
			productName = marauderSUITests;
			productReference = FE97CBE22DC2C78E009E278B /* marauderSUITests.xctest */;
			productType = "com.apple.product-type.bundle.ui-testing";
		};
/* End PBXNativeTarget section */

/* Begin PBXProject section */
		FE97CBBF2DC2C78D009E278B /* Project object */ = {
			isa = PBXProject;
			attributes = {
				BuildIndependentTargetsInParallel = 1;
				LastSwiftUpdateCheck = 1620;
				LastUpgradeCheck = 1620;
				TargetAttributes = {
					FE97CBC62DC2C78D009E278B = {
						CreatedOnToolsVersion = 16.2;
					};
					FE97CBD72DC2C78E009E278B = {
						CreatedOnToolsVersion = 16.2;
						TestTargetID = FE97CBC62DC2C78D009E278B;
					};
					FE97CBE12DC2C78E009E278B = {
						CreatedOnToolsVersion = 16.2;
						TestTargetID = FE97CBC62DC2C78D009E278B;
					};
				};
			};
			buildConfigurationList = FE97CBC22DC2C78D009E278B /* Build configuration list for PBXProject "marauderS" */;
			developmentRegion = en;
			hasScannedForEncodings = 0;
			knownRegions = (
				en,
				Base,
			);
			mainGroup = FE97CBBE2DC2C78D009E278B;
			minimizedProjectReferenceProxies = 1;
			preferredProjectObjectVersion = 77;
			productRefGroup = FE97CBC82DC2C78D009E278B /* Products */;
			projectDirPath = "";
			projectRoot = "";
			targets = (
				FE97CBC62DC2C78D009E278B /* marauderS */,
				FE97CBD72DC2C78E009E278B /* marauderSTests */,
				FE97CBE12DC2C78E009E278B /* marauderSUITests */,
			);
		};
/* End PBXProject section */

/* Begin PBXResourcesBuildPhase section */
		FE97CBC52DC2C78D009E278B /* Resources */ = {
			isa = PBXResourcesBuildPhase;
			buildActionMask = 2147483647;
			files = (
			);
			runOnlyForDeploymentPostprocessing = 0;
		};
		FE97CBD62DC2C78E009E278B /* Resources */ = {
			isa = PBXResourcesBuildPhase;
			buildActionMask = 2147483647;
			files = (
			);
			runOnlyForDeploymentPostprocessing = 0;
		};
		FE97CBE02DC2C78E009E278B /* Resources */ = {
			isa = PBXResourcesBuildPhase;
			buildActionMask = 2147483647;
			files = (
			);
			runOnlyForDeploymentPostprocessing = 0;
		};
/* End PBXResourcesBuildPhase section */

/* Begin PBXShellScriptBuildPhase section */
		63DC727069539CC72168F305 /* [CP] Check Pods Manifest.lock */ = {
			isa = PBXShellScriptBuildPhase;
			buildActionMask = 2147483647;
			files = (
			);
			inputFileListPaths = (
			);
			inputPaths = (
				"${PODS_PODFILE_DIR_PATH}/Podfile.lock",
				"${PODS_ROOT}/Manifest.lock",
			);
			name = "[CP] Check Pods Manifest.lock";
			outputFileListPaths = (
			);
			outputPaths = (
				"$(DERIVED_FILE_DIR)/Pods-marauderS-marauderSUITests-checkManifestLockResult.txt",
			);
			runOnlyForDeploymentPostprocessing = 0;
			shellPath = /bin/sh;
			shellScript = "diff \"${PODS_PODFILE_DIR_PATH}/Podfile.lock\" \"${PODS_ROOT}/Manifest.lock\" > /dev/null\nif [ $? != 0 ] ; then\n    # print error to STDERR\n    echo \"error: The sandbox is not in sync with the Podfile.lock. Run 'pod install' or update your CocoaPods installation.\" >&2\n    exit 1\nfi\n# This output is used by Xcode 'outputs' to avoid re-running this script phase.\necho \"SUCCESS\" > \"${SCRIPT_OUTPUT_FILE_0}\"\n";
			showEnvVarsInLog = 0;
		};
		86F19E3CE3EA38CD833E3D1B /* [CP] Check Pods Manifest.lock */ = {
			isa = PBXShellScriptBuildPhase;
			buildActionMask = 2147483647;
			files = (
			);
			inputFileListPaths = (
			);
			inputPaths = (
				"${PODS_PODFILE_DIR_PATH}/Podfile.lock",
				"${PODS_ROOT}/Manifest.lock",
			);
			name = "[CP] Check Pods Manifest.lock";
			outputFileListPaths = (
			);
			outputPaths = (
				"$(DERIVED_FILE_DIR)/Pods-marauderS-checkManifestLockResult.txt",
			);
			runOnlyForDeploymentPostprocessing = 0;
			shellPath = /bin/sh;
			shellScript = "diff \"${PODS_PODFILE_DIR_PATH}/Podfile.lock\" \"${PODS_ROOT}/Manifest.lock\" > /dev/null\nif [ $? != 0 ] ; then\n    # print error to STDERR\n    echo \"error: The sandbox is not in sync with the Podfile.lock. Run 'pod install' or update your CocoaPods installation.\" >&2\n    exit 1\nfi\n# This output is used by Xcode 'outputs' to avoid re-running this script phase.\necho \"SUCCESS\" > \"${SCRIPT_OUTPUT_FILE_0}\"\n";
			showEnvVarsInLog = 0;
		};
		B8DE469BC77959C6DD185996 /* [CP] Embed Pods Frameworks */ = {
			isa = PBXShellScriptBuildPhase;
			buildActionMask = 2147483647;
			files = (
			);
			inputFileListPaths = (
				"${PODS_ROOT}/Target Support Files/Pods-marauderS/Pods-marauderS-frameworks-${CONFIGURATION}-input-files.xcfilelist",
			);
			name = "[CP] Embed Pods Frameworks";
			outputFileListPaths = (
				"${PODS_ROOT}/Target Support Files/Pods-marauderS/Pods-marauderS-frameworks-${CONFIGURATION}-output-files.xcfilelist",
			);
			runOnlyForDeploymentPostprocessing = 0;
			shellPath = /bin/sh;
			shellScript = "\"${PODS_ROOT}/Target Support Files/Pods-marauderS/Pods-marauderS-frameworks.sh\"\n";
			showEnvVarsInLog = 0;
		};
		BB3AA06BBD822299E3997844 /* [CP] Embed Pods Frameworks */ = {
			isa = PBXShellScriptBuildPhase;
			buildActionMask = 2147483647;
			files = (
			);
			inputFileListPaths = (
				"${PODS_ROOT}/Target Support Files/Pods-marauderS-marauderSUITests/Pods-marauderS-marauderSUITests-frameworks-${CONFIGURATION}-input-files.xcfilelist",
			);
			name = "[CP] Embed Pods Frameworks";
			outputFileListPaths = (
				"${PODS_ROOT}/Target Support Files/Pods-marauderS-marauderSUITests/Pods-marauderS-marauderSUITests-frameworks-${CONFIGURATION}-output-files.xcfilelist",
			);
			runOnlyForDeploymentPostprocessing = 0;
			shellPath = /bin/sh;
			shellScript = "\"${PODS_ROOT}/Target Support Files/Pods-marauderS-marauderSUITests/Pods-marauderS-marauderSUITests-frameworks.sh\"\n";
			showEnvVarsInLog = 0;
		};
		D1B4F7ECE1724ED5ED71F650 /* [CP] Check Pods Manifest.lock */ = {
			isa = PBXShellScriptBuildPhase;
			buildActionMask = 2147483647;
			files = (
			);
			inputFileListPaths = (
			);
			inputPaths = (
				"${PODS_PODFILE_DIR_PATH}/Podfile.lock",
				"${PODS_ROOT}/Manifest.lock",
			);
			name = "[CP] Check Pods Manifest.lock";
			outputFileListPaths = (
			);
			outputPaths = (
				"$(DERIVED_FILE_DIR)/Pods-marauderSTests-checkManifestLockResult.txt",
			);
			runOnlyForDeploymentPostprocessing = 0;
			shellPath = /bin/sh;
			shellScript = "diff \"${PODS_PODFILE_DIR_PATH}/Podfile.lock\" \"${PODS_ROOT}/Manifest.lock\" > /dev/null\nif [ $? != 0 ] ; then\n    # print error to STDERR\n    echo \"error: The sandbox is not in sync with the Podfile.lock. Run 'pod install' or update your CocoaPods installation.\" >&2\n    exit 1\nfi\n# This output is used by Xcode 'outputs' to avoid re-running this script phase.\necho \"SUCCESS\" > \"${SCRIPT_OUTPUT_FILE_0}\"\n";
			showEnvVarsInLog = 0;
		};
/* End PBXShellScriptBuildPhase section */

/* Begin PBXSourcesBuildPhase section */
		FE97CBC32DC2C78D009E278B /* Sources */ = {
			isa = PBXSourcesBuildPhase;
			buildActionMask = 2147483647;
			files = (
			);
			runOnlyForDeploymentPostprocessing = 0;
		};
		FE97CBD42DC2C78E009E278B /* Sources */ = {
			isa = PBXSourcesBuildPhase;
			buildActionMask = 2147483647;
			files = (
			);
			runOnlyForDeploymentPostprocessing = 0;
		};
		FE97CBDE2DC2C78E009E278B /* Sources */ = {
			isa = PBXSourcesBuildPhase;
			buildActionMask = 2147483647;
			files = (
			);
			runOnlyForDeploymentPostprocessing = 0;
		};
/* End PBXSourcesBuildPhase section */

/* Begin PBXTargetDependency section */
		FE97CBDA2DC2C78E009E278B /* PBXTargetDependency */ = {
			isa = PBXTargetDependency;
			target = FE97CBC62DC2C78D009E278B /* marauderS */;
			targetProxy = FE97CBD92DC2C78E009E278B /* PBXContainerItemProxy */;
		};
		FE97CBE42DC2C78E009E278B /* PBXTargetDependency */ = {
			isa = PBXTargetDependency;
			target = FE97CBC62DC2C78D009E278B /* marauderS */;
			targetProxy = FE97CBE32DC2C78E009E278B /* PBXContainerItemProxy */;
		};
/* End PBXTargetDependency section */

/* Begin XCBuildConfiguration section */
		FE97CBEA2DC2C78E009E278B /* Debug */ = {
			isa = XCBuildConfiguration;
			buildSettings = {
				ALWAYS_SEARCH_USER_PATHS = NO;
				ASSETCATALOG_COMPILER_GENERATE_SWIFT_ASSET_SYMBOL_EXTENSIONS = YES;
				CLANG_ANALYZER_NONNULL = YES;
				CLANG_ANALYZER_NUMBER_OBJECT_CONVERSION = YES_AGGRESSIVE;
				CLANG_CXX_LANGUAGE_STANDARD = "gnu++20";
				CLANG_ENABLE_MODULES = YES;
				CLANG_ENABLE_OBJC_ARC = YES;
				CLANG_ENABLE_OBJC_WEAK = YES;
				CLANG_WARN_BLOCK_CAPTURE_AUTORELEASING = YES;
				CLANG_WARN_BOOL_CONVERSION = YES;
				CLANG_WARN_COMMA = YES;
				CLANG_WARN_CONSTANT_CONVERSION = YES;
				CLANG_WARN_DEPRECATED_OBJC_IMPLEMENTATIONS = YES;
				CLANG_WARN_DIRECT_OBJC_ISA_USAGE = YES_ERROR;
				CLANG_WARN_DOCUMENTATION_COMMENTS = YES;
				CLANG_WARN_EMPTY_BODY = YES;
				CLANG_WARN_ENUM_CONVERSION = YES;
				CLANG_WARN_INFINITE_RECURSION = YES;
				CLANG_WARN_INT_CONVERSION = YES;
				CLANG_WARN_NON_LITERAL_NULL_CONVERSION = YES;
				CLANG_WARN_OBJC_IMPLICIT_RETAIN_SELF = YES;
				CLANG_WARN_OBJC_LITERAL_CONVERSION = YES;
				CLANG_WARN_OBJC_ROOT_CLASS = YES_ERROR;
				CLANG_WARN_QUOTED_INCLUDE_IN_FRAMEWORK_HEADER = YES;
				CLANG_WARN_RANGE_LOOP_ANALYSIS = YES;
				CLANG_WARN_STRICT_PROTOTYPES = YES;
				CLANG_WARN_SUSPICIOUS_MOVE = YES;
				CLANG_WARN_UNGUARDED_AVAILABILITY = YES_AGGRESSIVE;
				CLANG_WARN_UNREACHABLE_CODE = YES;
				CLANG_WARN__DUPLICATE_METHOD_MATCH = YES;
				COPY_PHASE_STRIP = NO;
				DEBUG_INFORMATION_FORMAT = dwarf;
				ENABLE_STRICT_OBJC_MSGSEND = YES;
				ENABLE_TESTABILITY = YES;
				ENABLE_USER_SCRIPT_SANDBOXING = YES;
				GCC_C_LANGUAGE_STANDARD = gnu17;
				GCC_DYNAMIC_NO_PIC = NO;
				GCC_NO_COMMON_BLOCKS = YES;
				GCC_OPTIMIZATION_LEVEL = 0;
				GCC_PREPROCESSOR_DEFINITIONS = (
					"DEBUG=1",
					"$(inherited)",
				);
				GCC_WARN_64_TO_32_BIT_CONVERSION = YES;
				GCC_WARN_ABOUT_RETURN_TYPE = YES_ERROR;
				GCC_WARN_UNDECLARED_SELECTOR = YES;
				GCC_WARN_UNINITIALIZED_AUTOS = YES_AGGRESSIVE;
				GCC_WARN_UNUSED_FUNCTION = YES;
				GCC_WARN_UNUSED_VARIABLE = YES;
				LOCALIZATION_PREFERS_STRING_CATALOGS = YES;
				MTL_ENABLE_DEBUG_INFO = INCLUDE_SOURCE;
				MTL_FAST_MATH = YES;
				ONLY_ACTIVE_ARCH = YES;
				SWIFT_ACTIVE_COMPILATION_CONDITIONS = "DEBUG $(inherited)";
				SWIFT_OPTIMIZATION_LEVEL = "-Onone";
			};
			name = Debug;
		};
		FE97CBEB2DC2C78E009E278B /* Release */ = {
			isa = XCBuildConfiguration;
			buildSettings = {
				ALWAYS_SEARCH_USER_PATHS = NO;
				ASSETCATALOG_COMPILER_GENERATE_SWIFT_ASSET_SYMBOL_EXTENSIONS = YES;
				CLANG_ANALYZER_NONNULL = YES;
				CLANG_ANALYZER_NUMBER_OBJECT_CONVERSION = YES_AGGRESSIVE;
				CLANG_CXX_LANGUAGE_STANDARD = "gnu++20";
				CLANG_ENABLE_MODULES = YES;
				CLANG_ENABLE_OBJC_ARC = YES;
				CLANG_ENABLE_OBJC_WEAK = YES;
				CLANG_WARN_BLOCK_CAPTURE_AUTORELEASING = YES;
				CLANG_WARN_BOOL_CONVERSION = YES;
				CLANG_WARN_COMMA = YES;
				CLANG_WARN_CONSTANT_CONVERSION = YES;
				CLANG_WARN_DEPRECATED_OBJC_IMPLEMENTATIONS = YES;
				CLANG_WARN_DIRECT_OBJC_ISA_USAGE = YES_ERROR;
				CLANG_WARN_DOCUMENTATION_COMMENTS = YES;
				CLANG_WARN_EMPTY_BODY = YES;
				CLANG_WARN_ENUM_CONVERSION = YES;
				CLANG_WARN_INFINITE_RECURSION = YES;
				CLANG_WARN_INT_CONVERSION = YES;
				CLANG_WARN_NON_LITERAL_NULL_CONVERSION = YES;
				CLANG_WARN_OBJC_IMPLICIT_RETAIN_SELF = YES;
				CLANG_WARN_OBJC_LITERAL_CONVERSION = YES;
				CLANG_WARN_OBJC_ROOT_CLASS = YES_ERROR;
				CLANG_WARN_QUOTED_INCLUDE_IN_FRAMEWORK_HEADER = YES;
				CLANG_WARN_RANGE_LOOP_ANALYSIS = YES;
				CLANG_WARN_STRICT_PROTOTYPES = YES;
				CLANG_WARN_SUSPICIOUS_MOVE = YES;
				CLANG_WARN_UNGUARDED_AVAILABILITY = YES_AGGRESSIVE;
				CLANG_WARN_UNREACHABLE_CODE = YES;
				CLANG_WARN__DUPLICATE_METHOD_MATCH = YES;
				COPY_PHASE_STRIP = NO;
				DEBUG_INFORMATION_FORMAT = "dwarf-with-dsym";
				ENABLE_NS_ASSERTIONS = NO;
				ENABLE_STRICT_OBJC_MSGSEND = YES;
				ENABLE_USER_SCRIPT_SANDBOXING = YES;
				GCC_C_LANGUAGE_STANDARD = gnu17;
				GCC_NO_COMMON_BLOCKS = YES;
				GCC_WARN_64_TO_32_BIT_CONVERSION = YES;
				GCC_WARN_ABOUT_RETURN_TYPE = YES_ERROR;
				GCC_WARN_UNDECLARED_SELECTOR = YES;
				GCC_WARN_UNINITIALIZED_AUTOS = YES_AGGRESSIVE;
				GCC_WARN_UNUSED_FUNCTION = YES;
				GCC_WARN_UNUSED_VARIABLE = YES;
				LOCALIZATION_PREFERS_STRING_CATALOGS = YES;
				MTL_ENABLE_DEBUG_INFO = NO;
				MTL_FAST_MATH = YES;
				SWIFT_COMPILATION_MODE = wholemodule;
			};
			name = Release;
		};
		FE97CBED2DC2C78E009E278B /* Debug */ = {
			isa = XCBuildConfiguration;
			baseConfigurationReference = 904A65ADFEA79B27CB793FE8 /* Pods-marauderS.debug.xcconfig */;
			buildSettings = {
				ASSETCATALOG_COMPILER_APPICON_NAME = AppIcon;
				ASSETCATALOG_COMPILER_GLOBAL_ACCENT_COLOR_NAME = AccentColor;
				CODE_SIGN_ENTITLEMENTS = marauderS/marauderS.entitlements;
				CODE_SIGN_IDENTITY = "Apple Development";
				CODE_SIGN_STYLE = Automatic;
				CURRENT_PROJECT_VERSION = 1;
				DEVELOPMENT_ASSET_PATHS = "\"marauderS/Preview Content\"";
				DEVELOPMENT_TEAM = 9U8PYJFN94;
				ENABLE_PREVIEWS = YES;
				ENABLE_USER_SCRIPT_SANDBOXING = NO;
				GENERATE_INFOPLIST_FILE = YES;
				INFOPLIST_FILE = marauderS/Info.plist;
				INFOPLIST_KEY_NSLocationWhenInUseUsageDescription = "Use location";
				"INFOPLIST_KEY_UIApplicationSceneManifest_Generation[sdk=iphoneos*]" = YES;
				"INFOPLIST_KEY_UIApplicationSceneManifest_Generation[sdk=iphonesimulator*]" = YES;
				"INFOPLIST_KEY_UIApplicationSupportsIndirectInputEvents[sdk=iphoneos*]" = YES;
				"INFOPLIST_KEY_UIApplicationSupportsIndirectInputEvents[sdk=iphonesimulator*]" = YES;
				"INFOPLIST_KEY_UILaunchScreen_Generation[sdk=iphoneos*]" = YES;
				"INFOPLIST_KEY_UILaunchScreen_Generation[sdk=iphonesimulator*]" = YES;
				"INFOPLIST_KEY_UIStatusBarStyle[sdk=iphoneos*]" = UIStatusBarStyleDefault;
				"INFOPLIST_KEY_UIStatusBarStyle[sdk=iphonesimulator*]" = UIStatusBarStyleDefault;
				INFOPLIST_KEY_UISupportedInterfaceOrientations_iPad = "UIInterfaceOrientationPortrait UIInterfaceOrientationPortraitUpsideDown UIInterfaceOrientationLandscapeLeft UIInterfaceOrientationLandscapeRight";
				INFOPLIST_KEY_UISupportedInterfaceOrientations_iPhone = "UIInterfaceOrientationPortrait UIInterfaceOrientationLandscapeLeft UIInterfaceOrientationLandscapeRight";
				IPHONEOS_DEPLOYMENT_TARGET = 18.2;
				LD_RUNPATH_SEARCH_PATHS = "@executable_path/Frameworks";
				"LD_RUNPATH_SEARCH_PATHS[sdk=macosx*]" = "@executable_path/../Frameworks";
				MACOSX_DEPLOYMENT_TARGET = 15.2;
				MARKETING_VERSION = 1.0;
				PRODUCT_BUNDLE_IDENTIFIER = marauderS.marauderS;
				PRODUCT_NAME = "$(TARGET_NAME)";
				PROVISIONING_PROFILE_SPECIFIER = "";
				SDKROOT = auto;
				SUPPORTED_PLATFORMS = "iphoneos iphonesimulator macosx xros xrsimulator";
				SWIFT_EMIT_LOC_STRINGS = YES;
				SWIFT_VERSION = 5.0;
				TARGETED_DEVICE_FAMILY = "1,2,7";
				XROS_DEPLOYMENT_TARGET = 2.2;
			};
			name = Debug;
		};
		FE97CBEE2DC2C78E009E278B /* Release */ = {
			isa = XCBuildConfiguration;
			baseConfigurationReference = EBE2F8385073CA0C6D68EAF6 /* Pods-marauderS.release.xcconfig */;
			buildSettings = {
				ASSETCATALOG_COMPILER_APPICON_NAME = AppIcon;
				ASSETCATALOG_COMPILER_GLOBAL_ACCENT_COLOR_NAME = AccentColor;
				CODE_SIGN_ENTITLEMENTS = marauderS/marauderS.entitlements;
				CODE_SIGN_IDENTITY = "Apple Development";
				CODE_SIGN_STYLE = Automatic;
				CURRENT_PROJECT_VERSION = 1;
				DEVELOPMENT_ASSET_PATHS = "\"marauderS/Preview Content\"";
				DEVELOPMENT_TEAM = 9U8PYJFN94;
				ENABLE_PREVIEWS = YES;
				ENABLE_USER_SCRIPT_SANDBOXING = NO;
				GENERATE_INFOPLIST_FILE = YES;
				INFOPLIST_FILE = marauderS/Info.plist;
				INFOPLIST_KEY_NSLocationWhenInUseUsageDescription = "Use location";
				"INFOPLIST_KEY_UIApplicationSceneManifest_Generation[sdk=iphoneos*]" = YES;
				"INFOPLIST_KEY_UIApplicationSceneManifest_Generation[sdk=iphonesimulator*]" = YES;
				"INFOPLIST_KEY_UIApplicationSupportsIndirectInputEvents[sdk=iphoneos*]" = YES;
				"INFOPLIST_KEY_UIApplicationSupportsIndirectInputEvents[sdk=iphonesimulator*]" = YES;
				"INFOPLIST_KEY_UILaunchScreen_Generation[sdk=iphoneos*]" = YES;
				"INFOPLIST_KEY_UILaunchScreen_Generation[sdk=iphonesimulator*]" = YES;
				"INFOPLIST_KEY_UIStatusBarStyle[sdk=iphoneos*]" = UIStatusBarStyleDefault;
				"INFOPLIST_KEY_UIStatusBarStyle[sdk=iphonesimulator*]" = UIStatusBarStyleDefault;
				INFOPLIST_KEY_UISupportedInterfaceOrientations_iPad = "UIInterfaceOrientationPortrait UIInterfaceOrientationPortraitUpsideDown UIInterfaceOrientationLandscapeLeft UIInterfaceOrientationLandscapeRight";
				INFOPLIST_KEY_UISupportedInterfaceOrientations_iPhone = "UIInterfaceOrientationPortrait UIInterfaceOrientationLandscapeLeft UIInterfaceOrientationLandscapeRight";
				IPHONEOS_DEPLOYMENT_TARGET = 18.2;
				LD_RUNPATH_SEARCH_PATHS = "@executable_path/Frameworks";
				"LD_RUNPATH_SEARCH_PATHS[sdk=macosx*]" = "@executable_path/../Frameworks";
				MACOSX_DEPLOYMENT_TARGET = 15.2;
				MARKETING_VERSION = 1.0;
				PRODUCT_BUNDLE_IDENTIFIER = marauderS.marauderS;
				PRODUCT_NAME = "$(TARGET_NAME)";
				PROVISIONING_PROFILE_SPECIFIER = "";
				SDKROOT = auto;
				SUPPORTED_PLATFORMS = "iphoneos iphonesimulator macosx xros xrsimulator";
				SWIFT_EMIT_LOC_STRINGS = YES;
				SWIFT_VERSION = 5.0;
				TARGETED_DEVICE_FAMILY = "1,2,7";
				XROS_DEPLOYMENT_TARGET = 2.2;
			};
			name = Release;
		};
		FE97CBF02DC2C78E009E278B /* Debug */ = {
			isa = XCBuildConfiguration;
			baseConfigurationReference = 70A6F67B24F8096398931E6D /* Pods-marauderSTests.debug.xcconfig */;
			buildSettings = {
				BUNDLE_LOADER = "$(TEST_HOST)";
				CODE_SIGN_STYLE = Automatic;
				CURRENT_PROJECT_VERSION = 1;
				GENERATE_INFOPLIST_FILE = YES;
				IPHONEOS_DEPLOYMENT_TARGET = 18.2;
				MACOSX_DEPLOYMENT_TARGET = 15.2;
				MARKETING_VERSION = 1.0;
				PRODUCT_BUNDLE_IDENTIFIER = marauderS.marauderSTests;
				PRODUCT_NAME = "$(TARGET_NAME)";
				SDKROOT = auto;
				SUPPORTED_PLATFORMS = "iphoneos iphonesimulator macosx xros xrsimulator";
				SWIFT_EMIT_LOC_STRINGS = NO;
				SWIFT_VERSION = 5.0;
				TARGETED_DEVICE_FAMILY = "1,2,7";
				TEST_HOST = "$(BUILT_PRODUCTS_DIR)/marauderS.app/$(BUNDLE_EXECUTABLE_FOLDER_PATH)/marauderS";
				XROS_DEPLOYMENT_TARGET = 2.2;
			};
			name = Debug;
		};
		FE97CBF12DC2C78E009E278B /* Release */ = {
			isa = XCBuildConfiguration;
			baseConfigurationReference = 5A0AC6A0DE4913891507BADD /* Pods-marauderSTests.release.xcconfig */;
			buildSettings = {
				BUNDLE_LOADER = "$(TEST_HOST)";
				CODE_SIGN_STYLE = Automatic;
				CURRENT_PROJECT_VERSION = 1;
				GENERATE_INFOPLIST_FILE = YES;
				IPHONEOS_DEPLOYMENT_TARGET = 18.2;
				MACOSX_DEPLOYMENT_TARGET = 15.2;
				MARKETING_VERSION = 1.0;
				PRODUCT_BUNDLE_IDENTIFIER = marauderS.marauderSTests;
				PRODUCT_NAME = "$(TARGET_NAME)";
				SDKROOT = auto;
				SUPPORTED_PLATFORMS = "iphoneos iphonesimulator macosx xros xrsimulator";
				SWIFT_EMIT_LOC_STRINGS = NO;
				SWIFT_VERSION = 5.0;
				TARGETED_DEVICE_FAMILY = "1,2,7";
				TEST_HOST = "$(BUILT_PRODUCTS_DIR)/marauderS.app/$(BUNDLE_EXECUTABLE_FOLDER_PATH)/marauderS";
				XROS_DEPLOYMENT_TARGET = 2.2;
			};
			name = Release;
		};
		FE97CBF32DC2C78E009E278B /* Debug */ = {
			isa = XCBuildConfiguration;
			baseConfigurationReference = 6EF14861FEA5EB9B83D7EA49 /* Pods-marauderS-marauderSUITests.debug.xcconfig */;
			buildSettings = {
				CODE_SIGN_STYLE = Automatic;
				CURRENT_PROJECT_VERSION = 1;
				GENERATE_INFOPLIST_FILE = YES;
				IPHONEOS_DEPLOYMENT_TARGET = 18.2;
				MACOSX_DEPLOYMENT_TARGET = 15.2;
				MARKETING_VERSION = 1.0;
				PRODUCT_BUNDLE_IDENTIFIER = marauderS.marauderSUITests;
				PRODUCT_NAME = "$(TARGET_NAME)";
				SDKROOT = auto;
				SUPPORTED_PLATFORMS = "iphoneos iphonesimulator macosx xros xrsimulator";
				SWIFT_EMIT_LOC_STRINGS = NO;
				SWIFT_VERSION = 5.0;
				TARGETED_DEVICE_FAMILY = "1,2,7";
				TEST_TARGET_NAME = marauderS;
				XROS_DEPLOYMENT_TARGET = 2.2;
			};
			name = Debug;
		};
		FE97CBF42DC2C78E009E278B /* Release */ = {
			isa = XCBuildConfiguration;
			baseConfigurationReference = E4A281FCC22CF7A936A7FDF4 /* Pods-marauderS-marauderSUITests.release.xcconfig */;
			buildSettings = {
				CODE_SIGN_STYLE = Automatic;
				CURRENT_PROJECT_VERSION = 1;
				GENERATE_INFOPLIST_FILE = YES;
				IPHONEOS_DEPLOYMENT_TARGET = 18.2;
				MACOSX_DEPLOYMENT_TARGET = 15.2;
				MARKETING_VERSION = 1.0;
				PRODUCT_BUNDLE_IDENTIFIER = marauderS.marauderSUITests;
				PRODUCT_NAME = "$(TARGET_NAME)";
				SDKROOT = auto;
				SUPPORTED_PLATFORMS = "iphoneos iphonesimulator macosx xros xrsimulator";
				SWIFT_EMIT_LOC_STRINGS = NO;
				SWIFT_VERSION = 5.0;
				TARGETED_DEVICE_FAMILY = "1,2,7";
				TEST_TARGET_NAME = marauderS;
				XROS_DEPLOYMENT_TARGET = 2.2;
			};
			name = Release;
		};
/* End XCBuildConfiguration section */

/* Begin XCConfigurationList section */
		FE97CBC22DC2C78D009E278B /* Build configuration list for PBXProject "marauderS" */ = {
			isa = XCConfigurationList;
			buildConfigurations = (
				FE97CBEA2DC2C78E009E278B /* Debug */,
				FE97CBEB2DC2C78E009E278B /* Release */,
			);
			defaultConfigurationIsVisible = 0;
			defaultConfigurationName = Release;
		};
		FE97CBEC2DC2C78E009E278B /* Build configuration list for PBXNativeTarget "marauderS" */ = {
			isa = XCConfigurationList;
			buildConfigurations = (
				FE97CBED2DC2C78E009E278B /* Debug */,
				FE97CBEE2DC2C78E009E278B /* Release */,
			);
			defaultConfigurationIsVisible = 0;
			defaultConfigurationName = Release;
		};
		FE97CBEF2DC2C78E009E278B /* Build configuration list for PBXNativeTarget "marauderSTests" */ = {
			isa = XCConfigurationList;
			buildConfigurations = (
				FE97CBF02DC2C78E009E278B /* Debug */,
				FE97CBF12DC2C78E009E278B /* Release */,
			);
			defaultConfigurationIsVisible = 0;
			defaultConfigurationName = Release;
		};
		FE97CBF22DC2C78E009E278B /* Build configuration list for PBXNativeTarget "marauderSUITests" */ = {
			isa = XCConfigurationList;
			buildConfigurations = (
				FE97CBF32DC2C78E009E278B /* Debug */,
				FE97CBF42DC2C78E009E278B /* Release */,
			);
			defaultConfigurationIsVisible = 0;
			defaultConfigurationName = Release;
		};
/* End XCConfigurationList section */
	};
	rootObject = FE97CBBF2DC2C78D009E278B /* Project object */;
}
